// !$*UTF8*$!
{
	archiveVersion = 1;
	classes = {
	};
	objectVersion = 46;
	objects = {

/* Begin PBXBuildFile section */
		821D83871EB895EA00FEDA07 /* TestAccountModule.framework in Frameworks */ = {isa = PBXBuildFile; fileRef = 821D837D1EB895EA00FEDA07 /* TestAccountModule.framework */; };
		821D838C1EB895EA00FEDA07 /* TestAccountModuleTests.swift in Sources */ = {isa = PBXBuildFile; fileRef = 821D838B1EB895EA00FEDA07 /* TestAccountModuleTests.swift */; };
		821D83A11EB895F300FEDA07 /* AccountLotusoot.swift in Sources */ = {isa = PBXBuildFile; fileRef = 821D83991EB895F300FEDA07 /* AccountLotusoot.swift */; };
		821D83A21EB895F300FEDA07 /* LoginService.swift in Sources */ = {isa = PBXBuildFile; fileRef = 821D839B1EB895F300FEDA07 /* LoginService.swift */; };
		821D83A31EB895F300FEDA07 /* OtherService.swift in Sources */ = {isa = PBXBuildFile; fileRef = 821D839C1EB895F300FEDA07 /* OtherService.swift */; };
		821D83A41EB895F300FEDA07 /* RegisterService.swift in Sources */ = {isa = PBXBuildFile; fileRef = 821D839D1EB895F300FEDA07 /* RegisterService.swift */; };
		821D83A51EB895F300FEDA07 /* LoginViewController.swift in Sources */ = {isa = PBXBuildFile; fileRef = 821D839F1EB895F300FEDA07 /* LoginViewController.swift */; };
		821D83A61EB895F300FEDA07 /* RegisterViewController.swift in Sources */ = {isa = PBXBuildFile; fileRef = 821D83A01EB895F300FEDA07 /* RegisterViewController.swift */; };
/* End PBXBuildFile section */

/* Begin PBXContainerItemProxy section */
		821D83881EB895EA00FEDA07 /* PBXContainerItemProxy */ = {
			isa = PBXContainerItemProxy;
			containerPortal = 821D83741EB895EA00FEDA07 /* Project object */;
			proxyType = 1;
			remoteGlobalIDString = 821D837C1EB895EA00FEDA07;
			remoteInfo = TestAccountModule;
		};
		82AFB3A81ED6AD4100C55582 /* PBXContainerItemProxy */ = {
			isa = PBXContainerItemProxy;
			containerPortal = 82AFB3A31ED6AD4100C55582 /* ModulePublic.xcodeproj */;
			proxyType = 2;
			remoteGlobalIDString = 821D83281EB8954E00FEDA07;
			remoteInfo = ModulePublic;
		};
		82AFB3AA1ED6AD4100C55582 /* PBXContainerItemProxy */ = {
			isa = PBXContainerItemProxy;
			containerPortal = 82AFB3A31ED6AD4100C55582 /* ModulePublic.xcodeproj */;
			proxyType = 2;
			remoteGlobalIDString = 821D83311EB8954E00FEDA07;
			remoteInfo = ModulePublicTests;
		};
/* End PBXContainerItemProxy section */

/* Begin PBXFileReference section */
		821D837D1EB895EA00FEDA07 /* TestAccountModule.framework */ = {isa = PBXFileReference; explicitFileType = wrapper.framework; includeInIndex = 0; path = TestAccountModule.framework; sourceTree = BUILT_PRODUCTS_DIR; };
		821D83811EB895EA00FEDA07 /* Info.plist */ = {isa = PBXFileReference; lastKnownFileType = text.plist.xml; path = Info.plist; sourceTree = "<group>"; };
		821D83861EB895EA00FEDA07 /* TestAccountModuleTests.xctest */ = {isa = PBXFileReference; explicitFileType = wrapper.cfbundle; includeInIndex = 0; path = TestAccountModuleTests.xctest; sourceTree = BUILT_PRODUCTS_DIR; };
		821D838B1EB895EA00FEDA07 /* TestAccountModuleTests.swift */ = {isa = PBXFileReference; lastKnownFileType = sourcecode.swift; path = TestAccountModuleTests.swift; sourceTree = "<group>"; };
		821D838D1EB895EA00FEDA07 /* Info.plist */ = {isa = PBXFileReference; lastKnownFileType = text.plist.xml; path = Info.plist; sourceTree = "<group>"; };
		821D83991EB895F300FEDA07 /* AccountLotusoot.swift */ = {isa = PBXFileReference; fileEncoding = 4; lastKnownFileType = sourcecode.swift; path = AccountLotusoot.swift; sourceTree = "<group>"; };
		821D839B1EB895F300FEDA07 /* LoginService.swift */ = {isa = PBXFileReference; fileEncoding = 4; lastKnownFileType = sourcecode.swift; path = LoginService.swift; sourceTree = "<group>"; };
		821D839C1EB895F300FEDA07 /* OtherService.swift */ = {isa = PBXFileReference; fileEncoding = 4; lastKnownFileType = sourcecode.swift; path = OtherService.swift; sourceTree = "<group>"; };
		821D839D1EB895F300FEDA07 /* RegisterService.swift */ = {isa = PBXFileReference; fileEncoding = 4; lastKnownFileType = sourcecode.swift; path = RegisterService.swift; sourceTree = "<group>"; };
		821D839F1EB895F300FEDA07 /* LoginViewController.swift */ = {isa = PBXFileReference; fileEncoding = 4; lastKnownFileType = sourcecode.swift; path = LoginViewController.swift; sourceTree = "<group>"; };
		821D83A01EB895F300FEDA07 /* RegisterViewController.swift */ = {isa = PBXFileReference; fileEncoding = 4; lastKnownFileType = sourcecode.swift; path = RegisterViewController.swift; sourceTree = "<group>"; };
		82AFB3A31ED6AD4100C55582 /* ModulePublic.xcodeproj */ = {isa = PBXFileReference; lastKnownFileType = "wrapper.pb-project"; name = ModulePublic.xcodeproj; path = ../ModulePublic/ModulePublic.xcodeproj; sourceTree = "<group>"; };
/* End PBXFileReference section */

/* Begin PBXFrameworksBuildPhase section */
		821D83791EB895EA00FEDA07 /* Frameworks */ = {
			isa = PBXFrameworksBuildPhase;
			buildActionMask = 2147483647;
			files = (
			);
			runOnlyForDeploymentPostprocessing = 0;
		};
		821D83831EB895EA00FEDA07 /* Frameworks */ = {
			isa = PBXFrameworksBuildPhase;
			buildActionMask = 2147483647;
			files = (
				821D83871EB895EA00FEDA07 /* TestAccountModule.framework in Frameworks */,
			);
			runOnlyForDeploymentPostprocessing = 0;
		};
/* End PBXFrameworksBuildPhase section */

/* Begin PBXGroup section */
		821D83731EB895EA00FEDA07 = {
			isa = PBXGroup;
			children = (
				82AFB3A31ED6AD4100C55582 /* ModulePublic.xcodeproj */,
				821D837F1EB895EA00FEDA07 /* TestAccountModule */,
				821D838A1EB895EA00FEDA07 /* TestAccountModuleTests */,
				821D837E1EB895EA00FEDA07 /* Products */,
			);
			sourceTree = "<group>";
		};
		821D837E1EB895EA00FEDA07 /* Products */ = {
			isa = PBXGroup;
			children = (
				821D837D1EB895EA00FEDA07 /* TestAccountModule.framework */,
				821D83861EB895EA00FEDA07 /* TestAccountModuleTests.xctest */,
			);
			name = Products;
			sourceTree = "<group>";
		};
		821D837F1EB895EA00FEDA07 /* TestAccountModule */ = {
			isa = PBXGroup;
			children = (
				821D83971EB895F300FEDA07 /* TestAccountModule */,
				821D83811EB895EA00FEDA07 /* Info.plist */,
			);
			path = TestAccountModule;
			sourceTree = "<group>";
		};
		821D838A1EB895EA00FEDA07 /* TestAccountModuleTests */ = {
			isa = PBXGroup;
			children = (
				821D838B1EB895EA00FEDA07 /* TestAccountModuleTests.swift */,
				821D838D1EB895EA00FEDA07 /* Info.plist */,
			);
			path = TestAccountModuleTests;
			sourceTree = "<group>";
		};
		821D83971EB895F300FEDA07 /* TestAccountModule */ = {
			isa = PBXGroup;
			children = (
				821D83981EB895F300FEDA07 /* AccountLotusoot */,
				821D839A1EB895F300FEDA07 /* Service */,
				821D839E1EB895F300FEDA07 /* ViewController */,
			);
			path = TestAccountModule;
			sourceTree = "<group>";
		};
		821D83981EB895F300FEDA07 /* AccountLotusoot */ = {
			isa = PBXGroup;
			children = (
				821D83991EB895F300FEDA07 /* AccountLotusoot.swift */,
			);
			path = AccountLotusoot;
			sourceTree = "<group>";
		};
		821D839A1EB895F300FEDA07 /* Service */ = {
			isa = PBXGroup;
			children = (
				821D839B1EB895F300FEDA07 /* LoginService.swift */,
				821D839C1EB895F300FEDA07 /* OtherService.swift */,
				821D839D1EB895F300FEDA07 /* RegisterService.swift */,
			);
			path = Service;
			sourceTree = "<group>";
		};
		821D839E1EB895F300FEDA07 /* ViewController */ = {
			isa = PBXGroup;
			children = (
				821D839F1EB895F300FEDA07 /* LoginViewController.swift */,
				821D83A01EB895F300FEDA07 /* RegisterViewController.swift */,
			);
			path = ViewController;
			sourceTree = "<group>";
		};
		82AFB3A41ED6AD4100C55582 /* Products */ = {
			isa = PBXGroup;
			children = (
				82AFB3A91ED6AD4100C55582 /* ModulePublic.framework */,
				82AFB3AB1ED6AD4100C55582 /* ModulePublicTests.xctest */,
			);
			name = Products;
			sourceTree = "<group>";
		};
/* End PBXGroup section */

/* Begin PBXHeadersBuildPhase section */
		821D837A1EB895EA00FEDA07 /* Headers */ = {
			isa = PBXHeadersBuildPhase;
			buildActionMask = 2147483647;
			files = (
			);
			runOnlyForDeploymentPostprocessing = 0;
		};
/* End PBXHeadersBuildPhase section */

/* Begin PBXNativeTarget section */
		821D837C1EB895EA00FEDA07 /* TestAccountModule */ = {
			isa = PBXNativeTarget;
			buildConfigurationList = 821D83911EB895EA00FEDA07 /* Build configuration list for PBXNativeTarget "TestAccountModule" */;
			buildPhases = (
				821D83781EB895EA00FEDA07 /* Sources */,
				821D83791EB895EA00FEDA07 /* Frameworks */,
				821D837A1EB895EA00FEDA07 /* Headers */,
				821D837B1EB895EA00FEDA07 /* Resources */,
			);
			buildRules = (
			);
			dependencies = (
			);
			name = TestAccountModule;
			productName = TestAccountModule;
			productReference = 821D837D1EB895EA00FEDA07 /* TestAccountModule.framework */;
			productType = "com.apple.product-type.framework";
		};
		821D83851EB895EA00FEDA07 /* TestAccountModuleTests */ = {
			isa = PBXNativeTarget;
			buildConfigurationList = 821D83941EB895EA00FEDA07 /* Build configuration list for PBXNativeTarget "TestAccountModuleTests" */;
			buildPhases = (
				821D83821EB895EA00FEDA07 /* Sources */,
				821D83831EB895EA00FEDA07 /* Frameworks */,
				821D83841EB895EA00FEDA07 /* Resources */,
			);
			buildRules = (
			);
			dependencies = (
				821D83891EB895EA00FEDA07 /* PBXTargetDependency */,
			);
			name = TestAccountModuleTests;
			productName = TestAccountModuleTests;
			productReference = 821D83861EB895EA00FEDA07 /* TestAccountModuleTests.xctest */;
			productType = "com.apple.product-type.bundle.unit-test";
		};
/* End PBXNativeTarget section */

/* Begin PBXProject section */
		821D83741EB895EA00FEDA07 /* Project object */ = {
			isa = PBXProject;
			attributes = {
				LastSwiftUpdateCheck = 0830;
				LastUpgradeCheck = 0830;
				ORGANIZATIONNAME = "周凌宇";
				TargetAttributes = {
					821D837C1EB895EA00FEDA07 = {
						CreatedOnToolsVersion = 8.3.1;
						ProvisioningStyle = Automatic;
					};
					821D83851EB895EA00FEDA07 = {
						CreatedOnToolsVersion = 8.3.1;
						ProvisioningStyle = Automatic;
					};
				};
			};
			buildConfigurationList = 821D83771EB895EA00FEDA07 /* Build configuration list for PBXProject "TestAccountModule" */;
			compatibilityVersion = "Xcode 3.2";
			developmentRegion = English;
			hasScannedForEncodings = 0;
			knownRegions = (
				en,
			);
			mainGroup = 821D83731EB895EA00FEDA07;
			productRefGroup = 821D837E1EB895EA00FEDA07 /* Products */;
			projectDirPath = "";
			projectReferences = (
				{
					ProductGroup = 82AFB3A41ED6AD4100C55582 /* Products */;
					ProjectRef = 82AFB3A31ED6AD4100C55582 /* ModulePublic.xcodeproj */;
				},
			);
			projectRoot = "";
			targets = (
				821D837C1EB895EA00FEDA07 /* TestAccountModule */,
				821D83851EB895EA00FEDA07 /* TestAccountModuleTests */,
			);
		};
/* End PBXProject section */

/* Begin PBXReferenceProxy section */
		82AFB3A91ED6AD4100C55582 /* ModulePublic.framework */ = {
			isa = PBXReferenceProxy;
			fileType = wrapper.framework;
			path = ModulePublic.framework;
			remoteRef = 82AFB3A81ED6AD4100C55582 /* PBXContainerItemProxy */;
			sourceTree = BUILT_PRODUCTS_DIR;
		};
		82AFB3AB1ED6AD4100C55582 /* ModulePublicTests.xctest */ = {
			isa = PBXReferenceProxy;
			fileType = wrapper.cfbundle;
			path = ModulePublicTests.xctest;
			remoteRef = 82AFB3AA1ED6AD4100C55582 /* PBXContainerItemProxy */;
			sourceTree = BUILT_PRODUCTS_DIR;
		};
/* End PBXReferenceProxy section */

/* Begin PBXResourcesBuildPhase section */
		821D837B1EB895EA00FEDA07 /* Resources */ = {
			isa = PBXResourcesBuildPhase;
			buildActionMask = 2147483647;
			files = (
			);
			runOnlyForDeploymentPostprocessing = 0;
		};
		821D83841EB895EA00FEDA07 /* Resources */ = {
			isa = PBXResourcesBuildPhase;
			buildActionMask = 2147483647;
			files = (
			);
			runOnlyForDeploymentPostprocessing = 0;
		};
/* End PBXResourcesBuildPhase section */

/* Begin PBXSourcesBuildPhase section */
		821D83781EB895EA00FEDA07 /* Sources */ = {
			isa = PBXSourcesBuildPhase;
			buildActionMask = 2147483647;
			files = (
				821D83A31EB895F300FEDA07 /* OtherService.swift in Sources */,
				821D83A11EB895F300FEDA07 /* AccountLotusoot.swift in Sources */,
				821D83A41EB895F300FEDA07 /* RegisterService.swift in Sources */,
				821D83A61EB895F300FEDA07 /* RegisterViewController.swift in Sources */,
				821D83A51EB895F300FEDA07 /* LoginViewController.swift in Sources */,
				821D83A21EB895F300FEDA07 /* LoginService.swift in Sources */,
			);
			runOnlyForDeploymentPostprocessing = 0;
		};
		821D83821EB895EA00FEDA07 /* Sources */ = {
			isa = PBXSourcesBuildPhase;
			buildActionMask = 2147483647;
			files = (
				821D838C1EB895EA00FEDA07 /* TestAccountModuleTests.swift in Sources */,
			);
			runOnlyForDeploymentPostprocessing = 0;
		};
/* End PBXSourcesBuildPhase section */

/* Begin PBXTargetDependency section */
		821D83891EB895EA00FEDA07 /* PBXTargetDependency */ = {
			isa = PBXTargetDependency;
			target = 821D837C1EB895EA00FEDA07 /* TestAccountModule */;
			targetProxy = 821D83881EB895EA00FEDA07 /* PBXContainerItemProxy */;
		};
/* End PBXTargetDependency section */

/* Begin XCBuildConfiguration section */
		821D838F1EB895EA00FEDA07 /* Debug */ = {
			isa = XCBuildConfiguration;
			buildSettings = {
				ALWAYS_SEARCH_USER_PATHS = NO;
				CLANG_ANALYZER_NONNULL = YES;
				CLANG_ANALYZER_NUMBER_OBJECT_CONVERSION = YES_AGGRESSIVE;
				CLANG_CXX_LANGUAGE_STANDARD = "gnu++0x";
				CLANG_CXX_LIBRARY = "libc++";
				CLANG_ENABLE_MODULES = YES;
				CLANG_ENABLE_OBJC_ARC = YES;
				CLANG_WARN_BOOL_CONVERSION = YES;
				CLANG_WARN_CONSTANT_CONVERSION = YES;
				CLANG_WARN_DIRECT_OBJC_ISA_USAGE = YES_ERROR;
				CLANG_WARN_DOCUMENTATION_COMMENTS = YES;
				CLANG_WARN_EMPTY_BODY = YES;
				CLANG_WARN_ENUM_CONVERSION = YES;
				CLANG_WARN_INFINITE_RECURSION = YES;
				CLANG_WARN_INT_CONVERSION = YES;
				CLANG_WARN_OBJC_ROOT_CLASS = YES_ERROR;
				CLANG_WARN_SUSPICIOUS_MOVE = YES;
				CLANG_WARN_UNREACHABLE_CODE = YES;
				CLANG_WARN__DUPLICATE_METHOD_MATCH = YES;
				"CODE_SIGN_IDENTITY[sdk=iphoneos*]" = "iPhone Developer";
				COPY_PHASE_STRIP = NO;
				CURRENT_PROJECT_VERSION = 1;
				DEBUG_INFORMATION_FORMAT = dwarf;
				ENABLE_STRICT_OBJC_MSGSEND = YES;
				ENABLE_TESTABILITY = YES;
				GCC_C_LANGUAGE_STANDARD = gnu99;
				GCC_DYNAMIC_NO_PIC = NO;
				GCC_NO_COMMON_BLOCKS = YES;
				GCC_OPTIMIZATION_LEVEL = 0;
				GCC_PREPROCESSOR_DEFINITIONS = (
					"DEBUG=1",
					"$(inherited)",
				);
				GCC_WARN_64_TO_32_BIT_CONVERSION = YES;
				GCC_WARN_ABOUT_RETURN_TYPE = YES_ERROR;
				GCC_WARN_UNDECLARED_SELECTOR = YES;
				GCC_WARN_UNINITIALIZED_AUTOS = YES_AGGRESSIVE;
				GCC_WARN_UNUSED_FUNCTION = YES;
				GCC_WARN_UNUSED_VARIABLE = YES;
				IPHONEOS_DEPLOYMENT_TARGET = 10.3;
				MTL_ENABLE_DEBUG_INFO = YES;
				ONLY_ACTIVE_ARCH = YES;
				SDKROOT = iphoneos;
				SWIFT_ACTIVE_COMPILATION_CONDITIONS = DEBUG;
				SWIFT_OPTIMIZATION_LEVEL = "-Onone";
				TARGETED_DEVICE_FAMILY = "1,2";
				VERSIONING_SYSTEM = "apple-generic";
				VERSION_INFO_PREFIX = "";
			};
			name = Debug;
		};
		821D83901EB895EA00FEDA07 /* Release */ = {
			isa = XCBuildConfiguration;
			buildSettings = {
				ALWAYS_SEARCH_USER_PATHS = NO;
				CLANG_ANALYZER_NONNULL = YES;
				CLANG_ANALYZER_NUMBER_OBJECT_CONVERSION = YES_AGGRESSIVE;
				CLANG_CXX_LANGUAGE_STANDARD = "gnu++0x";
				CLANG_CXX_LIBRARY = "libc++";
				CLANG_ENABLE_MODULES = YES;
				CLANG_ENABLE_OBJC_ARC = YES;
				CLANG_WARN_BOOL_CONVERSION = YES;
				CLANG_WARN_CONSTANT_CONVERSION = YES;
				CLANG_WARN_DIRECT_OBJC_ISA_USAGE = YES_ERROR;
				CLANG_WARN_DOCUMENTATION_COMMENTS = YES;
				CLANG_WARN_EMPTY_BODY = YES;
				CLANG_WARN_ENUM_CONVERSION = YES;
				CLANG_WARN_INFINITE_RECURSION = YES;
				CLANG_WARN_INT_CONVERSION = YES;
				CLANG_WARN_OBJC_ROOT_CLASS = YES_ERROR;
				CLANG_WARN_SUSPICIOUS_MOVE = YES;
				CLANG_WARN_UNREACHABLE_CODE = YES;
				CLANG_WARN__DUPLICATE_METHOD_MATCH = YES;
				"CODE_SIGN_IDENTITY[sdk=iphoneos*]" = "iPhone Developer";
				COPY_PHASE_STRIP = NO;
				CURRENT_PROJECT_VERSION = 1;
				DEBUG_INFORMATION_FORMAT = "dwarf-with-dsym";
				ENABLE_NS_ASSERTIONS = NO;
				ENABLE_STRICT_OBJC_MSGSEND = YES;
				GCC_C_LANGUAGE_STANDARD = gnu99;
				GCC_NO_COMMON_BLOCKS = YES;
				GCC_WARN_64_TO_32_BIT_CONVERSION = YES;
				GCC_WARN_ABOUT_RETURN_TYPE = YES_ERROR;
				GCC_WARN_UNDECLARED_SELECTOR = YES;
				GCC_WARN_UNINITIALIZED_AUTOS = YES_AGGRESSIVE;
				GCC_WARN_UNUSED_FUNCTION = YES;
				GCC_WARN_UNUSED_VARIABLE = YES;
				IPHONEOS_DEPLOYMENT_TARGET = 10.3;
				MTL_ENABLE_DEBUG_INFO = NO;
				SDKROOT = iphoneos;
				SWIFT_OPTIMIZATION_LEVEL = "-Owholemodule";
				TARGETED_DEVICE_FAMILY = "1,2";
				VALIDATE_PRODUCT = YES;
				VERSIONING_SYSTEM = "apple-generic";
				VERSION_INFO_PREFIX = "";
			};
			name = Release;
		};
		821D83921EB895EA00FEDA07 /* Debug */ = {
			isa = XCBuildConfiguration;
			buildSettings = {
				CODE_SIGN_IDENTITY = "";
				DEFINES_MODULE = YES;
				DYLIB_COMPATIBILITY_VERSION = 1;
				DYLIB_CURRENT_VERSION = 1;
				DYLIB_INSTALL_NAME_BASE = "@rpath";
				INFOPLIST_FILE = TestAccountModule/Info.plist;
				INSTALL_PATH = "$(LOCAL_LIBRARY_DIR)/Frameworks";
				IPHONEOS_DEPLOYMENT_TARGET = 8.0;
				LD_RUNPATH_SEARCH_PATHS = "$(inherited) @executable_path/Frameworks @loader_path/Frameworks";
				PRODUCT_BUNDLE_IDENTIFIER = com.zhoulingyu.ios.TestAccountModule;
				PRODUCT_NAME = "$(TARGET_NAME)";
				SKIP_INSTALL = YES;
				SWIFT_VERSION = 3.0;
			};
			name = Debug;
		};
		821D83931EB895EA00FEDA07 /* Release */ = {
			isa = XCBuildConfiguration;
			buildSettings = {
				CODE_SIGN_IDENTITY = "";
				DEFINES_MODULE = YES;
				DYLIB_COMPATIBILITY_VERSION = 1;
				DYLIB_CURRENT_VERSION = 1;
				DYLIB_INSTALL_NAME_BASE = "@rpath";
				INFOPLIST_FILE = TestAccountModule/Info.plist;
				INSTALL_PATH = "$(LOCAL_LIBRARY_DIR)/Frameworks";
				IPHONEOS_DEPLOYMENT_TARGET = 8.0;
				LD_RUNPATH_SEARCH_PATHS = "$(inherited) @executable_path/Frameworks @loader_path/Frameworks";
				PRODUCT_BUNDLE_IDENTIFIER = com.zhoulingyu.ios.TestAccountModule;
				PRODUCT_NAME = "$(TARGET_NAME)";
				SKIP_INSTALL = YES;
				SWIFT_VERSION = 3.0;
			};
			name = Release;
		};
		821D83951EB895EA00FEDA07 /* Debug */ = {
			isa = XCBuildConfiguration;
			buildSettings = {
				ALWAYS_EMBED_SWIFT_STANDARD_LIBRARIES = YES;
				INFOPLIST_FILE = TestAccountModuleTests/Info.plist;
				LD_RUNPATH_SEARCH_PATHS = "$(inherited) @executable_path/Frameworks @loader_path/Frameworks";
				PRODUCT_BUNDLE_IDENTIFIER = com.zhoulingyu.ios.TestAccountModuleTests;
				PRODUCT_NAME = "$(TARGET_NAME)";
				SWIFT_VERSION = 3.0;
			};
			name = Debug;
		};
		821D83961EB895EA00FEDA07 /* Release */ = {
			isa = XCBuildConfiguration;
			buildSettings = {
				ALWAYS_EMBED_SWIFT_STANDARD_LIBRARIES = YES;
				INFOPLIST_FILE = TestAccountModuleTests/Info.plist;
				LD_RUNPATH_SEARCH_PATHS = "$(inherited) @executable_path/Frameworks @loader_path/Frameworks";
				PRODUCT_BUNDLE_IDENTIFIER = com.zhoulingyu.ios.TestAccountModuleTests;
				PRODUCT_NAME = "$(TARGET_NAME)";
				SWIFT_VERSION = 3.0;
			};
			name = Release;
		};
/* End XCBuildConfiguration section */

/* Begin XCConfigurationList section */
		821D83771EB895EA00FEDA07 /* Build configuration list for PBXProject "TestAccountModule" */ = {
			isa = XCConfigurationList;
			buildConfigurations = (
				821D838F1EB895EA00FEDA07 /* Debug */,
				821D83901EB895EA00FEDA07 /* Release */,
			);
			defaultConfigurationIsVisible = 0;
			defaultConfigurationName = Release;
		};
		821D83911EB895EA00FEDA07 /* Build configuration list for PBXNativeTarget "TestAccountModule" */ = {
			isa = XCConfigurationList;
			buildConfigurations = (
				821D83921EB895EA00FEDA07 /* Debug */,
				821D83931EB895EA00FEDA07 /* Release */,
			);
			defaultConfigurationIsVisible = 0;
			defaultConfigurationName = Release;
		};
		821D83941EB895EA00FEDA07 /* Build configuration list for PBXNativeTarget "TestAccountModuleTests" */ = {
			isa = XCConfigurationList;
			buildConfigurations = (
				821D83951EB895EA00FEDA07 /* Debug */,
				821D83961EB895EA00FEDA07 /* Release */,
			);
			defaultConfigurationIsVisible = 0;
			defaultConfigurationName = Release;
		};
/* End XCConfigurationList section */
	};
	rootObject = 821D83741EB895EA00FEDA07 /* Project object */;
}
