// !$*UTF8*$!
{
	archiveVersion = 1;
	classes = {
	};
	objectVersion = 46;
	objects = {

/* Begin PBXBuildFile section */
		82AFB3CD1ED6AE1F00C55582 /* Main.storyboard in Resources */ = {isa = PBXBuildFile; fileRef = 82AFB3CB1ED6AE1F00C55582 /* Main.storyboard */; };
		82AFB3CF1ED6AE1F00C55582 /* Assets.xcassets in Resources */ = {isa = PBXBuildFile; fileRef = 82AFB3CE1ED6AE1F00C55582 /* Assets.xcassets */; };
		82AFB3D21ED6AE1F00C55582 /* LaunchScreen.storyboard in Resources */ = {isa = PBXBuildFile; fileRef = 82AFB3D01ED6AE1F00C55582 /* LaunchScreen.storyboard */; };
		82AFB3DD1ED6AE1F00C55582 /* DemoProjectTests.swift in Sources */ = {isa = PBXBuildFile; fileRef = 82AFB3DC1ED6AE1F00C55582 /* DemoProjectTests.swift */; };
		82AFB3E81ED6AE1F00C55582 /* DemoProjectUITests.swift in Sources */ = {isa = PBXBuildFile; fileRef = 82AFB3E71ED6AE1F00C55582 /* DemoProjectUITests.swift */; };
		82AFB4181ED6AE8F00C55582 /* MainLotus.swift in Sources */ = {isa = PBXBuildFile; fileRef = 82AFB4151ED6AE8F00C55582 /* MainLotus.swift */; };
		82AFB4191ED6AE8F00C55582 /* MainLotusoot.swift in Sources */ = {isa = PBXBuildFile; fileRef = 82AFB4171ED6AE8F00C55582 /* MainLotusoot.swift */; };
		82AFB41E1ED6AED800C55582 /* ViewController.swift in Sources */ = {isa = PBXBuildFile; fileRef = 82AFB41D1ED6AED800C55582 /* ViewController.swift */; };
		82AFB41F1ED6AF5700C55582 /* TestAccountModule.framework in Frameworks */ = {isa = PBXBuildFile; fileRef = 82AFB40E1ED6AE4C00C55582 /* TestAccountModule.framework */; };
		82AFB4201ED6AF5700C55582 /* TestAccountModule.framework in Embed Frameworks */ = {isa = PBXBuildFile; fileRef = 82AFB40E1ED6AE4C00C55582 /* TestAccountModule.framework */; settings = {ATTRIBUTES = (CodeSignOnCopy, RemoveHeadersOnCopy, ); }; };
		82AFB4241ED6AF5F00C55582 /* ModulePublic.framework in Frameworks */ = {isa = PBXBuildFile; fileRef = 82AFB4041ED6AE4800C55582 /* ModulePublic.framework */; };
		82AFB4251ED6AF5F00C55582 /* ModulePublic.framework in Embed Frameworks */ = {isa = PBXBuildFile; fileRef = 82AFB4041ED6AE4800C55582 /* ModulePublic.framework */; settings = {ATTRIBUTES = (CodeSignOnCopy, RemoveHeadersOnCopy, ); }; };
		82AFB4281ED6AF6400C55582 /* Lotusoot.framework in Frameworks */ = {isa = PBXBuildFile; fileRef = 82AFB3FB1ED6AE4200C55582 /* Lotusoot.framework */; };
		82AFB4291ED6AF6400C55582 /* Lotusoot.framework in Embed Frameworks */ = {isa = PBXBuildFile; fileRef = 82AFB3FB1ED6AE4200C55582 /* Lotusoot.framework */; settings = {ATTRIBUTES = (CodeSignOnCopy, RemoveHeadersOnCopy, ); }; };
		82AFB4361ED6B00500C55582 /* AppDelegate.swift in Sources */ = {isa = PBXBuildFile; fileRef = 82AFB4351ED6B00500C55582 /* AppDelegate.swift */; };
		82AFB4381ED6B36900C55582 /* Lotusoot.plist in Resources */ = {isa = PBXBuildFile; fileRef = 82AFB4371ED6B36900C55582 /* Lotusoot.plist */; };
/* End PBXBuildFile section */

/* Begin PBXContainerItemProxy section */
		82AFB3D91ED6AE1F00C55582 /* PBXContainerItemProxy */ = {
			isa = PBXContainerItemProxy;
			containerPortal = 82AFB3BC1ED6AE1F00C55582 /* Project object */;
			proxyType = 1;
			remoteGlobalIDString = 82AFB3C31ED6AE1F00C55582;
			remoteInfo = DemoProject;
		};
		82AFB3E41ED6AE1F00C55582 /* PBXContainerItemProxy */ = {
			isa = PBXContainerItemProxy;
			containerPortal = 82AFB3BC1ED6AE1F00C55582 /* Project object */;
			proxyType = 1;
			remoteGlobalIDString = 82AFB3C31ED6AE1F00C55582;
			remoteInfo = DemoProject;
		};
		82AFB3FA1ED6AE4200C55582 /* PBXContainerItemProxy */ = {
			isa = PBXContainerItemProxy;
			containerPortal = 82AFB3F51ED6AE4200C55582 /* Lotusoot.xcodeproj */;
			proxyType = 2;
			remoteGlobalIDString = 821D834E1EB8957C00FEDA07;
			remoteInfo = Lotusoot;
		};
		82AFB3FC1ED6AE4200C55582 /* PBXContainerItemProxy */ = {
			isa = PBXContainerItemProxy;
			containerPortal = 82AFB3F51ED6AE4200C55582 /* Lotusoot.xcodeproj */;
			proxyType = 2;
			remoteGlobalIDString = 821D83571EB8957C00FEDA07;
			remoteInfo = LotusootTests;
		};
		82AFB4031ED6AE4800C55582 /* PBXContainerItemProxy */ = {
			isa = PBXContainerItemProxy;
			containerPortal = 82AFB3FE1ED6AE4800C55582 /* ModulePublic.xcodeproj */;
			proxyType = 2;
			remoteGlobalIDString = 821D83281EB8954E00FEDA07;
			remoteInfo = ModulePublic;
		};
		82AFB4051ED6AE4800C55582 /* PBXContainerItemProxy */ = {
			isa = PBXContainerItemProxy;
			containerPortal = 82AFB3FE1ED6AE4800C55582 /* ModulePublic.xcodeproj */;
			proxyType = 2;
			remoteGlobalIDString = 821D83311EB8954E00FEDA07;
			remoteInfo = ModulePublicTests;
		};
		82AFB40D1ED6AE4C00C55582 /* PBXContainerItemProxy */ = {
			isa = PBXContainerItemProxy;
			containerPortal = 82AFB4071ED6AE4C00C55582 /* TestAccountModule.xcodeproj */;
			proxyType = 2;
			remoteGlobalIDString = 821D837D1EB895EA00FEDA07;
			remoteInfo = TestAccountModule;
		};
		82AFB40F1ED6AE4C00C55582 /* PBXContainerItemProxy */ = {
			isa = PBXContainerItemProxy;
			containerPortal = 82AFB4071ED6AE4C00C55582 /* TestAccountModule.xcodeproj */;
			proxyType = 2;
			remoteGlobalIDString = 821D83861EB895EA00FEDA07;
			remoteInfo = TestAccountModuleTests;
		};
		82AFB4211ED6AF5700C55582 /* PBXContainerItemProxy */ = {
			isa = PBXContainerItemProxy;
			containerPortal = 82AFB4071ED6AE4C00C55582 /* TestAccountModule.xcodeproj */;
			proxyType = 1;
			remoteGlobalIDString = 821D837C1EB895EA00FEDA07;
			remoteInfo = TestAccountModule;
		};
		82AFB4261ED6AF5F00C55582 /* PBXContainerItemProxy */ = {
			isa = PBXContainerItemProxy;
			containerPortal = 82AFB3FE1ED6AE4800C55582 /* ModulePublic.xcodeproj */;
			proxyType = 1;
			remoteGlobalIDString = 821D83271EB8954E00FEDA07;
			remoteInfo = ModulePublic;
		};
		82AFB42A1ED6AF6400C55582 /* PBXContainerItemProxy */ = {
			isa = PBXContainerItemProxy;
			containerPortal = 82AFB3F51ED6AE4200C55582 /* Lotusoot.xcodeproj */;
			proxyType = 1;
			remoteGlobalIDString = 821D834D1EB8957C00FEDA07;
			remoteInfo = Lotusoot;
		};
/* End PBXContainerItemProxy section */

/* Begin PBXCopyFilesBuildPhase section */
		82AFB4231ED6AF5700C55582 /* Embed Frameworks */ = {
			isa = PBXCopyFilesBuildPhase;
			buildActionMask = 2147483647;
			dstPath = "";
			dstSubfolderSpec = 10;
			files = (
				82AFB4201ED6AF5700C55582 /* TestAccountModule.framework in Embed Frameworks */,
				82AFB4251ED6AF5F00C55582 /* ModulePublic.framework in Embed Frameworks */,
				82AFB4291ED6AF6400C55582 /* Lotusoot.framework in Embed Frameworks */,
			);
			name = "Embed Frameworks";
			runOnlyForDeploymentPostprocessing = 0;
		};
/* End PBXCopyFilesBuildPhase section */

/* Begin PBXFileReference section */
		82AFB3C41ED6AE1F00C55582 /* DemoProject.app */ = {isa = PBXFileReference; explicitFileType = wrapper.application; includeInIndex = 0; path = DemoProject.app; sourceTree = BUILT_PRODUCTS_DIR; };
		82AFB3CC1ED6AE1F00C55582 /* Base */ = {isa = PBXFileReference; lastKnownFileType = file.storyboard; name = Base; path = Base.lproj/Main.storyboard; sourceTree = "<group>"; };
		82AFB3CE1ED6AE1F00C55582 /* Assets.xcassets */ = {isa = PBXFileReference; lastKnownFileType = folder.assetcatalog; name = Assets.xcassets; path = ../Assets.xcassets; sourceTree = "<group>"; };
		82AFB3D11ED6AE1F00C55582 /* Base */ = {isa = PBXFileReference; lastKnownFileType = file.storyboard; name = Base; path = Base.lproj/LaunchScreen.storyboard; sourceTree = "<group>"; };
		82AFB3D31ED6AE1F00C55582 /* Info.plist */ = {isa = PBXFileReference; lastKnownFileType = text.plist.xml; name = Info.plist; path = ../Info.plist; sourceTree = "<group>"; };
		82AFB3D81ED6AE1F00C55582 /* DemoProjectTests.xctest */ = {isa = PBXFileReference; explicitFileType = wrapper.cfbundle; includeInIndex = 0; path = DemoProjectTests.xctest; sourceTree = BUILT_PRODUCTS_DIR; };
		82AFB3DC1ED6AE1F00C55582 /* DemoProjectTests.swift */ = {isa = PBXFileReference; lastKnownFileType = sourcecode.swift; path = DemoProjectTests.swift; sourceTree = "<group>"; };
		82AFB3DE1ED6AE1F00C55582 /* Info.plist */ = {isa = PBXFileReference; lastKnownFileType = text.plist.xml; path = Info.plist; sourceTree = "<group>"; };
		82AFB3E31ED6AE1F00C55582 /* DemoProjectUITests.xctest */ = {isa = PBXFileReference; explicitFileType = wrapper.cfbundle; includeInIndex = 0; path = DemoProjectUITests.xctest; sourceTree = BUILT_PRODUCTS_DIR; };
		82AFB3E71ED6AE1F00C55582 /* DemoProjectUITests.swift */ = {isa = PBXFileReference; lastKnownFileType = sourcecode.swift; path = DemoProjectUITests.swift; sourceTree = "<group>"; };
		82AFB3E91ED6AE1F00C55582 /* Info.plist */ = {isa = PBXFileReference; lastKnownFileType = text.plist.xml; path = Info.plist; sourceTree = "<group>"; };
		82AFB3F51ED6AE4200C55582 /* Lotusoot.xcodeproj */ = {isa = PBXFileReference; lastKnownFileType = "wrapper.pb-project"; name = Lotusoot.xcodeproj; path = ../Lotusoot/Lotusoot.xcodeproj; sourceTree = "<group>"; };
		82AFB3FE1ED6AE4800C55582 /* ModulePublic.xcodeproj */ = {isa = PBXFileReference; lastKnownFileType = "wrapper.pb-project"; name = ModulePublic.xcodeproj; path = ../ModulePublic/ModulePublic.xcodeproj; sourceTree = "<group>"; };
		82AFB4071ED6AE4C00C55582 /* TestAccountModule.xcodeproj */ = {isa = PBXFileReference; lastKnownFileType = "wrapper.pb-project"; name = TestAccountModule.xcodeproj; path = ../TestAccountModule/TestAccountModule.xcodeproj; sourceTree = "<group>"; };
		82AFB4151ED6AE8F00C55582 /* MainLotus.swift */ = {isa = PBXFileReference; fileEncoding = 4; lastKnownFileType = sourcecode.swift; path = MainLotus.swift; sourceTree = "<group>"; };
		82AFB4171ED6AE8F00C55582 /* MainLotusoot.swift */ = {isa = PBXFileReference; fileEncoding = 4; lastKnownFileType = sourcecode.swift; path = MainLotusoot.swift; sourceTree = "<group>"; };
		82AFB41D1ED6AED800C55582 /* ViewController.swift */ = {isa = PBXFileReference; fileEncoding = 4; lastKnownFileType = sourcecode.swift; path = ViewController.swift; sourceTree = "<group>"; };
		82AFB4351ED6B00500C55582 /* AppDelegate.swift */ = {isa = PBXFileReference; fileEncoding = 4; lastKnownFileType = sourcecode.swift; path = AppDelegate.swift; sourceTree = "<group>"; };
		82AFB4371ED6B36900C55582 /* Lotusoot.plist */ = {isa = PBXFileReference; fileEncoding = 4; lastKnownFileType = text.plist.xml; path = Lotusoot.plist; sourceTree = SOURCE_ROOT; };
/* End PBXFileReference section */

/* Begin PBXFrameworksBuildPhase section */
		82AFB3C11ED6AE1F00C55582 /* Frameworks */ = {
			isa = PBXFrameworksBuildPhase;
			buildActionMask = 2147483647;
			files = (
				82AFB41F1ED6AF5700C55582 /* TestAccountModule.framework in Frameworks */,
				82AFB4241ED6AF5F00C55582 /* ModulePublic.framework in Frameworks */,
				82AFB4281ED6AF6400C55582 /* Lotusoot.framework in Frameworks */,
			);
			runOnlyForDeploymentPostprocessing = 0;
		};
		82AFB3D51ED6AE1F00C55582 /* Frameworks */ = {
			isa = PBXFrameworksBuildPhase;
			buildActionMask = 2147483647;
			files = (
			);
			runOnlyForDeploymentPostprocessing = 0;
		};
		82AFB3E01ED6AE1F00C55582 /* Frameworks */ = {
			isa = PBXFrameworksBuildPhase;
			buildActionMask = 2147483647;
			files = (
			);
			runOnlyForDeploymentPostprocessing = 0;
		};
/* End PBXFrameworksBuildPhase section */

/* Begin PBXGroup section */
		82AFB3BB1ED6AE1F00C55582 = {
			isa = PBXGroup;
			children = (
				82AFB4071ED6AE4C00C55582 /* TestAccountModule.xcodeproj */,
				82AFB3FE1ED6AE4800C55582 /* ModulePublic.xcodeproj */,
				82AFB3F51ED6AE4200C55582 /* Lotusoot.xcodeproj */,
				82AFB3C61ED6AE1F00C55582 /* DemoProject */,
				82AFB3DB1ED6AE1F00C55582 /* DemoProjectTests */,
				82AFB3E61ED6AE1F00C55582 /* DemoProjectUITests */,
				82AFB3C51ED6AE1F00C55582 /* Products */,
			);
			sourceTree = "<group>";
		};
		82AFB3C51ED6AE1F00C55582 /* Products */ = {
			isa = PBXGroup;
			children = (
				82AFB3C41ED6AE1F00C55582 /* DemoProject.app */,
				82AFB3D81ED6AE1F00C55582 /* DemoProjectTests.xctest */,
				82AFB3E31ED6AE1F00C55582 /* DemoProjectUITests.xctest */,
			);
			name = Products;
			sourceTree = "<group>";
		};
		82AFB3C61ED6AE1F00C55582 /* DemoProject */ = {
			isa = PBXGroup;
			children = (
				82AFB4371ED6B36900C55582 /* Lotusoot.plist */,
				82AFB41D1ED6AED800C55582 /* ViewController.swift */,
				82AFB4351ED6B00500C55582 /* AppDelegate.swift */,
				82AFB41A1ED6AEA800C55582 /* App */,
				82AFB4141ED6AE8F00C55582 /* Lotus */,
				82AFB4161ED6AE8F00C55582 /* Lotusoot */,
			);
			path = DemoProject;
			sourceTree = "<group>";
		};
		82AFB3DB1ED6AE1F00C55582 /* DemoProjectTests */ = {
			isa = PBXGroup;
			children = (
				82AFB3DC1ED6AE1F00C55582 /* DemoProjectTests.swift */,
				82AFB3DE1ED6AE1F00C55582 /* Info.plist */,
			);
			path = DemoProjectTests;
			sourceTree = "<group>";
		};
		82AFB3E61ED6AE1F00C55582 /* DemoProjectUITests */ = {
			isa = PBXGroup;
			children = (
				82AFB3E71ED6AE1F00C55582 /* DemoProjectUITests.swift */,
				82AFB3E91ED6AE1F00C55582 /* Info.plist */,
			);
			path = DemoProjectUITests;
			sourceTree = "<group>";
		};
		82AFB3F61ED6AE4200C55582 /* Products */ = {
			isa = PBXGroup;
			children = (
				82AFB3FB1ED6AE4200C55582 /* Lotusoot.framework */,
				82AFB3FD1ED6AE4200C55582 /* LotusootTests.xctest */,
			);
			name = Products;
			sourceTree = "<group>";
		};
		82AFB3FF1ED6AE4800C55582 /* Products */ = {
			isa = PBXGroup;
			children = (
				82AFB4041ED6AE4800C55582 /* ModulePublic.framework */,
				82AFB4061ED6AE4800C55582 /* ModulePublicTests.xctest */,
			);
			name = Products;
			sourceTree = "<group>";
		};
		82AFB4081ED6AE4C00C55582 /* Products */ = {
			isa = PBXGroup;
			children = (
				82AFB40E1ED6AE4C00C55582 /* TestAccountModule.framework */,
				82AFB4101ED6AE4C00C55582 /* TestAccountModuleTests.xctest */,
			);
			name = Products;
			sourceTree = "<group>";
		};
		82AFB4141ED6AE8F00C55582 /* Lotus */ = {
			isa = PBXGroup;
			children = (
				82AFB4151ED6AE8F00C55582 /* MainLotus.swift */,
			);
			path = Lotus;
			sourceTree = "<group>";
		};
		82AFB4161ED6AE8F00C55582 /* Lotusoot */ = {
			isa = PBXGroup;
			children = (
				82AFB4171ED6AE8F00C55582 /* MainLotusoot.swift */,
			);
			path = Lotusoot;
			sourceTree = "<group>";
		};
		82AFB41A1ED6AEA800C55582 /* App */ = {
			isa = PBXGroup;
			children = (
				82AFB3CB1ED6AE1F00C55582 /* Main.storyboard */,
				82AFB3CE1ED6AE1F00C55582 /* Assets.xcassets */,
				82AFB3D01ED6AE1F00C55582 /* LaunchScreen.storyboard */,
				82AFB3D31ED6AE1F00C55582 /* Info.plist */,
			);
			path = App;
			sourceTree = "<group>";
		};
/* End PBXGroup section */

/* Begin PBXNativeTarget section */
		82AFB3C31ED6AE1F00C55582 /* DemoProject */ = {
			isa = PBXNativeTarget;
			buildConfigurationList = 82AFB3EC1ED6AE1F00C55582 /* Build configuration list for PBXNativeTarget "DemoProject" */;
			buildPhases = (
				82AFB4321ED6AFAF00C55582 /* Lotusoot */,
				82AFB3C01ED6AE1F00C55582 /* Sources */,
				82AFB3C11ED6AE1F00C55582 /* Frameworks */,
				82AFB3C21ED6AE1F00C55582 /* Resources */,
				82AFB4231ED6AF5700C55582 /* Embed Frameworks */,
			);
			buildRules = (
			);
			dependencies = (
				82AFB4221ED6AF5700C55582 /* PBXTargetDependency */,
				82AFB4271ED6AF5F00C55582 /* PBXTargetDependency */,
				82AFB42B1ED6AF6400C55582 /* PBXTargetDependency */,
			);
			name = DemoProject;
			productName = DemoProject;
			productReference = 82AFB3C41ED6AE1F00C55582 /* DemoProject.app */;
			productType = "com.apple.product-type.application";
		};
		82AFB3D71ED6AE1F00C55582 /* DemoProjectTests */ = {
			isa = PBXNativeTarget;
			buildConfigurationList = 82AFB3EF1ED6AE1F00C55582 /* Build configuration list for PBXNativeTarget "DemoProjectTests" */;
			buildPhases = (
				82AFB3D41ED6AE1F00C55582 /* Sources */,
				82AFB3D51ED6AE1F00C55582 /* Frameworks */,
				82AFB3D61ED6AE1F00C55582 /* Resources */,
			);
			buildRules = (
			);
			dependencies = (
				82AFB3DA1ED6AE1F00C55582 /* PBXTargetDependency */,
			);
			name = DemoProjectTests;
			productName = DemoProjectTests;
			productReference = 82AFB3D81ED6AE1F00C55582 /* DemoProjectTests.xctest */;
			productType = "com.apple.product-type.bundle.unit-test";
		};
		82AFB3E21ED6AE1F00C55582 /* DemoProjectUITests */ = {
			isa = PBXNativeTarget;
			buildConfigurationList = 82AFB3F21ED6AE1F00C55582 /* Build configuration list for PBXNativeTarget "DemoProjectUITests" */;
			buildPhases = (
				82AFB3DF1ED6AE1F00C55582 /* Sources */,
				82AFB3E01ED6AE1F00C55582 /* Frameworks */,
				82AFB3E11ED6AE1F00C55582 /* Resources */,
			);
			buildRules = (
			);
			dependencies = (
				82AFB3E51ED6AE1F00C55582 /* PBXTargetDependency */,
			);
			name = DemoProjectUITests;
			productName = DemoProjectUITests;
			productReference = 82AFB3E31ED6AE1F00C55582 /* DemoProjectUITests.xctest */;
			productType = "com.apple.product-type.bundle.ui-testing";
		};
/* End PBXNativeTarget section */

/* Begin PBXProject section */
		82AFB3BC1ED6AE1F00C55582 /* Project object */ = {
			isa = PBXProject;
			attributes = {
				LastSwiftUpdateCheck = 0830;
				LastUpgradeCheck = 0830;
				ORGANIZATIONNAME = "周凌宇";
				TargetAttributes = {
					82AFB3C31ED6AE1F00C55582 = {
						CreatedOnToolsVersion = 8.3.1;
						ProvisioningStyle = Automatic;
					};
					82AFB3D71ED6AE1F00C55582 = {
						CreatedOnToolsVersion = 8.3.1;
						ProvisioningStyle = Automatic;
						TestTargetID = 82AFB3C31ED6AE1F00C55582;
					};
					82AFB3E21ED6AE1F00C55582 = {
						CreatedOnToolsVersion = 8.3.1;
						ProvisioningStyle = Automatic;
						TestTargetID = 82AFB3C31ED6AE1F00C55582;
					};
				};
			};
			buildConfigurationList = 82AFB3BF1ED6AE1F00C55582 /* Build configuration list for PBXProject "DemoProject" */;
			compatibilityVersion = "Xcode 3.2";
			developmentRegion = English;
			hasScannedForEncodings = 0;
			knownRegions = (
				en,
				Base,
			);
			mainGroup = 82AFB3BB1ED6AE1F00C55582;
			productRefGroup = 82AFB3C51ED6AE1F00C55582 /* Products */;
			projectDirPath = "";
			projectReferences = (
				{
					ProductGroup = 82AFB3F61ED6AE4200C55582 /* Products */;
					ProjectRef = 82AFB3F51ED6AE4200C55582 /* Lotusoot.xcodeproj */;
				},
				{
					ProductGroup = 82AFB3FF1ED6AE4800C55582 /* Products */;
					ProjectRef = 82AFB3FE1ED6AE4800C55582 /* ModulePublic.xcodeproj */;
				},
				{
					ProductGroup = 82AFB4081ED6AE4C00C55582 /* Products */;
					ProjectRef = 82AFB4071ED6AE4C00C55582 /* TestAccountModule.xcodeproj */;
				},
			);
			projectRoot = "";
			targets = (
				82AFB3C31ED6AE1F00C55582 /* DemoProject */,
				82AFB3D71ED6AE1F00C55582 /* DemoProjectTests */,
				82AFB3E21ED6AE1F00C55582 /* DemoProjectUITests */,
			);
		};
/* End PBXProject section */

/* Begin PBXReferenceProxy section */
		82AFB3FB1ED6AE4200C55582 /* Lotusoot.framework */ = {
			isa = PBXReferenceProxy;
			fileType = wrapper.framework;
			path = Lotusoot.framework;
			remoteRef = 82AFB3FA1ED6AE4200C55582 /* PBXContainerItemProxy */;
			sourceTree = BUILT_PRODUCTS_DIR;
		};
		82AFB3FD1ED6AE4200C55582 /* LotusootTests.xctest */ = {
			isa = PBXReferenceProxy;
			fileType = wrapper.cfbundle;
			path = LotusootTests.xctest;
			remoteRef = 82AFB3FC1ED6AE4200C55582 /* PBXContainerItemProxy */;
			sourceTree = BUILT_PRODUCTS_DIR;
		};
		82AFB4041ED6AE4800C55582 /* ModulePublic.framework */ = {
			isa = PBXReferenceProxy;
			fileType = wrapper.framework;
			path = ModulePublic.framework;
			remoteRef = 82AFB4031ED6AE4800C55582 /* PBXContainerItemProxy */;
			sourceTree = BUILT_PRODUCTS_DIR;
		};
		82AFB4061ED6AE4800C55582 /* ModulePublicTests.xctest */ = {
			isa = PBXReferenceProxy;
			fileType = wrapper.cfbundle;
			path = ModulePublicTests.xctest;
			remoteRef = 82AFB4051ED6AE4800C55582 /* PBXContainerItemProxy */;
			sourceTree = BUILT_PRODUCTS_DIR;
		};
		82AFB40E1ED6AE4C00C55582 /* TestAccountModule.framework */ = {
			isa = PBXReferenceProxy;
			fileType = wrapper.framework;
			path = TestAccountModule.framework;
			remoteRef = 82AFB40D1ED6AE4C00C55582 /* PBXContainerItemProxy */;
			sourceTree = BUILT_PRODUCTS_DIR;
		};
		82AFB4101ED6AE4C00C55582 /* TestAccountModuleTests.xctest */ = {
			isa = PBXReferenceProxy;
			fileType = wrapper.cfbundle;
			path = TestAccountModuleTests.xctest;
			remoteRef = 82AFB40F1ED6AE4C00C55582 /* PBXContainerItemProxy */;
			sourceTree = BUILT_PRODUCTS_DIR;
		};
/* End PBXReferenceProxy section */

/* Begin PBXResourcesBuildPhase section */
		82AFB3C21ED6AE1F00C55582 /* Resources */ = {
			isa = PBXResourcesBuildPhase;
			buildActionMask = 2147483647;
			files = (
				82AFB3D21ED6AE1F00C55582 /* LaunchScreen.storyboard in Resources */,
				82AFB4381ED6B36900C55582 /* Lotusoot.plist in Resources */,
				82AFB3CF1ED6AE1F00C55582 /* Assets.xcassets in Resources */,
				82AFB3CD1ED6AE1F00C55582 /* Main.storyboard in Resources */,
			);
			runOnlyForDeploymentPostprocessing = 0;
		};
		82AFB3D61ED6AE1F00C55582 /* Resources */ = {
			isa = PBXResourcesBuildPhase;
			buildActionMask = 2147483647;
			files = (
			);
			runOnlyForDeploymentPostprocessing = 0;
		};
		82AFB3E11ED6AE1F00C55582 /* Resources */ = {
			isa = PBXResourcesBuildPhase;
			buildActionMask = 2147483647;
			files = (
			);
			runOnlyForDeploymentPostprocessing = 0;
		};
/* End PBXResourcesBuildPhase section */

/* Begin PBXShellScriptBuildPhase section */
		82AFB4321ED6AFAF00C55582 /* Lotusoot */ = {
			isa = PBXShellScriptBuildPhase;
			buildActionMask = 2147483647;
			files = (
			);
			inputPaths = (
			);
			name = Lotusoot;
			outputPaths = (
			);
			runOnlyForDeploymentPostprocessing = 0;
			shellPath = /bin/sh;
			shellScript = "python ${SRC_ROOT}../Lotusoot/Lotusoot/Lotusoot/Lotusoot.py ${SRC_ROOT}.. ${SRCROOT} Lotusoot\n# 参数1： 扫描路径\n# 参数2： ${SRCROOT}，Lotusoot.plist 输出地址\n# 参数3： Lotusoot 命名后缀（可省略），省略将会导致脚本执行时间变长";
		};
/* End PBXShellScriptBuildPhase section */

/* Begin PBXSourcesBuildPhase section */
		82AFB3C01ED6AE1F00C55582 /* Sources */ = {
			isa = PBXSourcesBuildPhase;
			buildActionMask = 2147483647;
			files = (
				82AFB4361ED6B00500C55582 /* AppDelegate.swift in Sources */,
				82AFB4181ED6AE8F00C55582 /* MainLotus.swift in Sources */,
				82AFB41E1ED6AED800C55582 /* ViewController.swift in Sources */,
				82AFB4191ED6AE8F00C55582 /* MainLotusoot.swift in Sources */,
			);
			runOnlyForDeploymentPostprocessing = 0;
		};
		82AFB3D41ED6AE1F00C55582 /* Sources */ = {
			isa = PBXSourcesBuildPhase;
			buildActionMask = 2147483647;
			files = (
				82AFB3DD1ED6AE1F00C55582 /* DemoProjectTests.swift in Sources */,
			);
			runOnlyForDeploymentPostprocessing = 0;
		};
		82AFB3DF1ED6AE1F00C55582 /* Sources */ = {
			isa = PBXSourcesBuildPhase;
			buildActionMask = 2147483647;
			files = (
				82AFB3E81ED6AE1F00C55582 /* DemoProjectUITests.swift in Sources */,
			);
			runOnlyForDeploymentPostprocessing = 0;
		};
/* End PBXSourcesBuildPhase section */

/* Begin PBXTargetDependency section */
		82AFB3DA1ED6AE1F00C55582 /* PBXTargetDependency */ = {
			isa = PBXTargetDependency;
			target = 82AFB3C31ED6AE1F00C55582 /* DemoProject */;
			targetProxy = 82AFB3D91ED6AE1F00C55582 /* PBXContainerItemProxy */;
		};
		82AFB3E51ED6AE1F00C55582 /* PBXTargetDependency */ = {
			isa = PBXTargetDependency;
			target = 82AFB3C31ED6AE1F00C55582 /* DemoProject */;
			targetProxy = 82AFB3E41ED6AE1F00C55582 /* PBXContainerItemProxy */;
		};
		82AFB4221ED6AF5700C55582 /* PBXTargetDependency */ = {
			isa = PBXTargetDependency;
			name = TestAccountModule;
			targetProxy = 82AFB4211ED6AF5700C55582 /* PBXContainerItemProxy */;
		};
		82AFB4271ED6AF5F00C55582 /* PBXTargetDependency */ = {
			isa = PBXTargetDependency;
			name = ModulePublic;
			targetProxy = 82AFB4261ED6AF5F00C55582 /* PBXContainerItemProxy */;
		};
		82AFB42B1ED6AF6400C55582 /* PBXTargetDependency */ = {
			isa = PBXTargetDependency;
			name = Lotusoot;
			targetProxy = 82AFB42A1ED6AF6400C55582 /* PBXContainerItemProxy */;
		};
/* End PBXTargetDependency section */

/* Begin PBXVariantGroup section */
		82AFB3CB1ED6AE1F00C55582 /* Main.storyboard */ = {
			isa = PBXVariantGroup;
			children = (
				82AFB3CC1ED6AE1F00C55582 /* Base */,
			);
			name = Main.storyboard;
			path = ..;
			sourceTree = "<group>";
		};
		82AFB3D01ED6AE1F00C55582 /* LaunchScreen.storyboard */ = {
			isa = PBXVariantGroup;
			children = (
				82AFB3D11ED6AE1F00C55582 /* Base */,
			);
			name = LaunchScreen.storyboard;
			path = ..;
			sourceTree = "<group>";
		};
/* End PBXVariantGroup section */

/* Begin XCBuildConfiguration section */
		82AFB3EA1ED6AE1F00C55582 /* Debug */ = {
			isa = XCBuildConfiguration;
			buildSettings = {
				ALWAYS_SEARCH_USER_PATHS = NO;
				CLANG_ANALYZER_NONNULL = YES;
				CLANG_ANALYZER_NUMBER_OBJECT_CONVERSION = YES_AGGRESSIVE;
				CLANG_CXX_LANGUAGE_STANDARD = "gnu++0x";
				CLANG_CXX_LIBRARY = "libc++";
				CLANG_ENABLE_MODULES = YES;
				CLANG_ENABLE_OBJC_ARC = YES;
				CLANG_WARN_BOOL_CONVERSION = YES;
				CLANG_WARN_CONSTANT_CONVERSION = YES;
				CLANG_WARN_DIRECT_OBJC_ISA_USAGE = YES_ERROR;
				CLANG_WARN_DOCUMENTATION_COMMENTS = YES;
				CLANG_WARN_EMPTY_BODY = YES;
				CLANG_WARN_ENUM_CONVERSION = YES;
				CLANG_WARN_INFINITE_RECURSION = YES;
				CLANG_WARN_INT_CONVERSION = YES;
				CLANG_WARN_OBJC_ROOT_CLASS = YES_ERROR;
				CLANG_WARN_SUSPICIOUS_MOVE = YES;
				CLANG_WARN_UNREACHABLE_CODE = YES;
				CLANG_WARN__DUPLICATE_METHOD_MATCH = YES;
				"CODE_SIGN_IDENTITY[sdk=iphoneos*]" = "iPhone Developer";
				COPY_PHASE_STRIP = NO;
				DEBUG_INFORMATION_FORMAT = dwarf;
				ENABLE_STRICT_OBJC_MSGSEND = YES;
				ENABLE_TESTABILITY = YES;
				GCC_C_LANGUAGE_STANDARD = gnu99;
				GCC_DYNAMIC_NO_PIC = NO;
				GCC_NO_COMMON_BLOCKS = YES;
				GCC_OPTIMIZATION_LEVEL = 0;
				GCC_PREPROCESSOR_DEFINITIONS = (
					"DEBUG=1",
					"$(inherited)",
				);
				GCC_WARN_64_TO_32_BIT_CONVERSION = YES;
				GCC_WARN_ABOUT_RETURN_TYPE = YES_ERROR;
				GCC_WARN_UNDECLARED_SELECTOR = YES;
				GCC_WARN_UNINITIALIZED_AUTOS = YES_AGGRESSIVE;
				GCC_WARN_UNUSED_FUNCTION = YES;
				GCC_WARN_UNUSED_VARIABLE = YES;
				IPHONEOS_DEPLOYMENT_TARGET = 10.3;
				MTL_ENABLE_DEBUG_INFO = YES;
				ONLY_ACTIVE_ARCH = YES;
				SDKROOT = iphoneos;
				SWIFT_ACTIVE_COMPILATION_CONDITIONS = DEBUG;
				SWIFT_OPTIMIZATION_LEVEL = "-Onone";
			};
			name = Debug;
		};
		82AFB3EB1ED6AE1F00C55582 /* Release */ = {
			isa = XCBuildConfiguration;
			buildSettings = {
				ALWAYS_SEARCH_USER_PATHS = NO;
				CLANG_ANALYZER_NONNULL = YES;
				CLANG_ANALYZER_NUMBER_OBJECT_CONVERSION = YES_AGGRESSIVE;
				CLANG_CXX_LANGUAGE_STANDARD = "gnu++0x";
				CLANG_CXX_LIBRARY = "libc++";
				CLANG_ENABLE_MODULES = YES;
				CLANG_ENABLE_OBJC_ARC = YES;
				CLANG_WARN_BOOL_CONVERSION = YES;
				CLANG_WARN_CONSTANT_CONVERSION = YES;
				CLANG_WARN_DIRECT_OBJC_ISA_USAGE = YES_ERROR;
				CLANG_WARN_DOCUMENTATION_COMMENTS = YES;
				CLANG_WARN_EMPTY_BODY = YES;
				CLANG_WARN_ENUM_CONVERSION = YES;
				CLANG_WARN_INFINITE_RECURSION = YES;
				CLANG_WARN_INT_CONVERSION = YES;
				CLANG_WARN_OBJC_ROOT_CLASS = YES_ERROR;
				CLANG_WARN_SUSPICIOUS_MOVE = YES;
				CLANG_WARN_UNREACHABLE_CODE = YES;
				CLANG_WARN__DUPLICATE_METHOD_MATCH = YES;
				"CODE_SIGN_IDENTITY[sdk=iphoneos*]" = "iPhone Developer";
				COPY_PHASE_STRIP = NO;
				DEBUG_INFORMATION_FORMAT = "dwarf-with-dsym";
				ENABLE_NS_ASSERTIONS = NO;
				ENABLE_STRICT_OBJC_MSGSEND = YES;
				GCC_C_LANGUAGE_STANDARD = gnu99;
				GCC_NO_COMMON_BLOCKS = YES;
				GCC_WARN_64_TO_32_BIT_CONVERSION = YES;
				GCC_WARN_ABOUT_RETURN_TYPE = YES_ERROR;
				GCC_WARN_UNDECLARED_SELECTOR = YES;
				GCC_WARN_UNINITIALIZED_AUTOS = YES_AGGRESSIVE;
				GCC_WARN_UNUSED_FUNCTION = YES;
				GCC_WARN_UNUSED_VARIABLE = YES;
				IPHONEOS_DEPLOYMENT_TARGET = 10.3;
				MTL_ENABLE_DEBUG_INFO = NO;
				SDKROOT = iphoneos;
				SWIFT_OPTIMIZATION_LEVEL = "-Owholemodule";
				VALIDATE_PRODUCT = YES;
			};
			name = Release;
		};
		82AFB3ED1ED6AE1F00C55582 /* Debug */ = {
			isa = XCBuildConfiguration;
			buildSettings = {
				ALWAYS_EMBED_SWIFT_STANDARD_LIBRARIES = YES;
				ASSETCATALOG_COMPILER_APPICON_NAME = AppIcon;
				INFOPLIST_FILE = DemoProject/Info.plist;
				LD_RUNPATH_SEARCH_PATHS = "$(inherited) @executable_path/Frameworks";
				OTHER_SWIFT_FLAGS = "-Xfrontend -debug-time-function-bodies";
				PRODUCT_BUNDLE_IDENTIFIER = com.zhoulingyu.ios.DemoProject;
				PRODUCT_NAME = "$(TARGET_NAME)";
				SWIFT_VERSION = 3.0;
			};
			name = Debug;
		};
		82AFB3EE1ED6AE1F00C55582 /* Release */ = {
			isa = XCBuildConfiguration;
			buildSettings = {
				ALWAYS_EMBED_SWIFT_STANDARD_LIBRARIES = YES;
				ASSETCATALOG_COMPILER_APPICON_NAME = AppIcon;
				INFOPLIST_FILE = DemoProject/Info.plist;
				LD_RUNPATH_SEARCH_PATHS = "$(inherited) @executable_path/Frameworks";
				OTHER_SWIFT_FLAGS = "-Xfrontend -debug-time-function-bodies";
				PRODUCT_BUNDLE_IDENTIFIER = com.zhoulingyu.ios.DemoProject;
				PRODUCT_NAME = "$(TARGET_NAME)";
				SWIFT_VERSION = 3.0;
			};
			name = Release;
		};
		82AFB3F01ED6AE1F00C55582 /* Debug */ = {
			isa = XCBuildConfiguration;
			buildSettings = {
				ALWAYS_EMBED_SWIFT_STANDARD_LIBRARIES = YES;
				BUNDLE_LOADER = "$(TEST_HOST)";
				INFOPLIST_FILE = DemoProjectTests/Info.plist;
				LD_RUNPATH_SEARCH_PATHS = "$(inherited) @executable_path/Frameworks @loader_path/Frameworks";
				PRODUCT_BUNDLE_IDENTIFIER = com.zhoulingyu.ios.DemoProjectTests;
				PRODUCT_NAME = "$(TARGET_NAME)";
				SWIFT_VERSION = 3.0;
				TEST_HOST = "$(BUILT_PRODUCTS_DIR)/DemoProject.app/DemoProject";
			};
			name = Debug;
		};
		82AFB3F11ED6AE1F00C55582 /* Release */ = {
			isa = XCBuildConfiguration;
			buildSettings = {
				ALWAYS_EMBED_SWIFT_STANDARD_LIBRARIES = YES;
				BUNDLE_LOADER = "$(TEST_HOST)";
				INFOPLIST_FILE = DemoProjectTests/Info.plist;
				LD_RUNPATH_SEARCH_PATHS = "$(inherited) @executable_path/Frameworks @loader_path/Frameworks";
				PRODUCT_BUNDLE_IDENTIFIER = com.zhoulingyu.ios.DemoProjectTests;
				PRODUCT_NAME = "$(TARGET_NAME)";
				SWIFT_VERSION = 3.0;
				TEST_HOST = "$(BUILT_PRODUCTS_DIR)/DemoProject.app/DemoProject";
			};
			name = Release;
		};
		82AFB3F31ED6AE1F00C55582 /* Debug */ = {
			isa = XCBuildConfiguration;
			buildSettings = {
				ALWAYS_EMBED_SWIFT_STANDARD_LIBRARIES = YES;
				INFOPLIST_FILE = DemoProjectUITests/Info.plist;
				LD_RUNPATH_SEARCH_PATHS = "$(inherited) @executable_path/Frameworks @loader_path/Frameworks";
				PRODUCT_BUNDLE_IDENTIFIER = com.zhoulingyu.ios.DemoProjectUITests;
				PRODUCT_NAME = "$(TARGET_NAME)";
				SWIFT_VERSION = 3.0;
				TEST_TARGET_NAME = DemoProject;
			};
			name = Debug;
		};
		82AFB3F41ED6AE1F00C55582 /* Release */ = {
			isa = XCBuildConfiguration;
			buildSettings = {
				ALWAYS_EMBED_SWIFT_STANDARD_LIBRARIES = YES;
				INFOPLIST_FILE = DemoProjectUITests/Info.plist;
				LD_RUNPATH_SEARCH_PATHS = "$(inherited) @executable_path/Frameworks @loader_path/Frameworks";
				PRODUCT_BUNDLE_IDENTIFIER = com.zhoulingyu.ios.DemoProjectUITests;
				PRODUCT_NAME = "$(TARGET_NAME)";
				SWIFT_VERSION = 3.0;
				TEST_TARGET_NAME = DemoProject;
			};
			name = Release;
		};
/* End XCBuildConfiguration section */

/* Begin XCConfigurationList section */
		82AFB3BF1ED6AE1F00C55582 /* Build configuration list for PBXProject "DemoProject" */ = {
			isa = XCConfigurationList;
			buildConfigurations = (
				82AFB3EA1ED6AE1F00C55582 /* Debug */,
				82AFB3EB1ED6AE1F00C55582 /* Release */,
			);
			defaultConfigurationIsVisible = 0;
			defaultConfigurationName = Release;
		};
		82AFB3EC1ED6AE1F00C55582 /* Build configuration list for PBXNativeTarget "DemoProject" */ = {
			isa = XCConfigurationList;
			buildConfigurations = (
				82AFB3ED1ED6AE1F00C55582 /* Debug */,
				82AFB3EE1ED6AE1F00C55582 /* Release */,
			);
			defaultConfigurationIsVisible = 0;
			defaultConfigurationName = Release;
		};
		82AFB3EF1ED6AE1F00C55582 /* Build configuration list for PBXNativeTarget "DemoProjectTests" */ = {
			isa = XCConfigurationList;
			buildConfigurations = (
				82AFB3F01ED6AE1F00C55582 /* Debug */,
				82AFB3F11ED6AE1F00C55582 /* Release */,
			);
			defaultConfigurationIsVisible = 0;
			defaultConfigurationName = Release;
		};
		82AFB3F21ED6AE1F00C55582 /* Build configuration list for PBXNativeTarget "DemoProjectUITests" */ = {
			isa = XCConfigurationList;
			buildConfigurations = (
				82AFB3F31ED6AE1F00C55582 /* Debug */,
				82AFB3F41ED6AE1F00C55582 /* Release */,
			);
			defaultConfigurationIsVisible = 0;
			defaultConfigurationName = Release;
		};
/* End XCConfigurationList section */
	};
	rootObject = 82AFB3BC1ED6AE1F00C55582 /* Project object */;
}
