// !$*UTF8*$!
{
	archiveVersion = 1;
	classes = {
	};
	objectVersion = 46;
	objects = {

/* Begin PBXBuildFile section */
		022D72F9824867B74FC46BF5 /* Pods_DemoProjectUITests.framework in Frameworks */ = {isa = PBXBuildFile; fileRef = C5C107EA904C4ABA3E893861 /* Pods_DemoProjectUITests.framework */; };
		822B18081FD6408800D14C15 /* Info.plist in Resources */ = {isa = PBXBuildFile; fileRef = 822B18071FD6408800D14C15 /* Info.plist */; };
		822B180D1FD640E400D14C15 /* Main.storyboard in Resources */ = {isa = PBXBuildFile; fileRef = 822B18091FD640E300D14C15 /* Main.storyboard */; };
		822B180E1FD640E400D14C15 /* LaunchScreen.storyboard in Resources */ = {isa = PBXBuildFile; fileRef = 822B180B1FD640E300D14C15 /* LaunchScreen.storyboard */; };
		82AFB3DD1ED6AE1F00C55582 /* DemoProjectTests.swift in Sources */ = {isa = PBXBuildFile; fileRef = 82AFB3DC1ED6AE1F00C55582 /* DemoProjectTests.swift */; };
		82AFB3E81ED6AE1F00C55582 /* DemoProjectUITests.swift in Sources */ = {isa = PBXBuildFile; fileRef = 82AFB3E71ED6AE1F00C55582 /* DemoProjectUITests.swift */; };
		82AFB4181ED6AE8F00C55582 /* MainLotus.swift in Sources */ = {isa = PBXBuildFile; fileRef = 82AFB4151ED6AE8F00C55582 /* MainLotus.swift */; };
		82AFB4191ED6AE8F00C55582 /* MainLotusoot.swift in Sources */ = {isa = PBXBuildFile; fileRef = 82AFB4171ED6AE8F00C55582 /* MainLotusoot.swift */; };
		82AFB41E1ED6AED800C55582 /* ViewController.swift in Sources */ = {isa = PBXBuildFile; fileRef = 82AFB41D1ED6AED800C55582 /* ViewController.swift */; };
		82AFB4361ED6B00500C55582 /* AppDelegate.swift in Sources */ = {isa = PBXBuildFile; fileRef = 82AFB4351ED6B00500C55582 /* AppDelegate.swift */; };
		82F9C7AC1FD67D6400029DDB /* Lotusoot.plist in Resources */ = {isa = PBXBuildFile; fileRef = 82F9C7AB1FD67D6400029DDB /* Lotusoot.plist */; };
		82F9C7B31FD68A0600029DDB /* Extension.swift in Sources */ = {isa = PBXBuildFile; fileRef = 82F9C7AE1FD68A0600029DDB /* Extension.swift */; };
		82F9C7B41FD68A0600029DDB /* Lotusoot.py in Resources */ = {isa = PBXBuildFile; fileRef = 82F9C7AF1FD68A0600029DDB /* Lotusoot.py */; };
		82F9C7B51FD68A0600029DDB /* LotusootCoordinator.swift in Sources */ = {isa = PBXBuildFile; fileRef = 82F9C7B01FD68A0600029DDB /* LotusootCoordinator.swift */; };
		82F9C7B61FD68A0600029DDB /* LotusootRouter.swift in Sources */ = {isa = PBXBuildFile; fileRef = 82F9C7B11FD68A0600029DDB /* LotusootRouter.swift */; };
		82F9C7B71FD68A0600029DDB /* LotusootURL.swift in Sources */ = {isa = PBXBuildFile; fileRef = 82F9C7B21FD68A0600029DDB /* LotusootURL.swift */; };
		8506302FCB5D55245C238A3B /* Pods_DemoProjectTests.framework in Frameworks */ = {isa = PBXBuildFile; fileRef = DC1D3D24445EB2E09EC7BBB6 /* Pods_DemoProjectTests.framework */; };
		BF2E96198D91DDC53B89F1F2 /* Pods_DemoProject.framework in Frameworks */ = {isa = PBXBuildFile; fileRef = 87CA2B785FF4E90F61B51095 /* Pods_DemoProject.framework */; };
/* End PBXBuildFile section */

/* Begin PBXContainerItemProxy section */
		82AFB3D91ED6AE1F00C55582 /* PBXContainerItemProxy */ = {
			isa = PBXContainerItemProxy;
			containerPortal = 82AFB3BC1ED6AE1F00C55582 /* Project object */;
			proxyType = 1;
			remoteGlobalIDString = 82AFB3C31ED6AE1F00C55582;
			remoteInfo = DemoProject;
		};
		82AFB3E41ED6AE1F00C55582 /* PBXContainerItemProxy */ = {
			isa = PBXContainerItemProxy;
			containerPortal = 82AFB3BC1ED6AE1F00C55582 /* Project object */;
			proxyType = 1;
			remoteGlobalIDString = 82AFB3C31ED6AE1F00C55582;
			remoteInfo = DemoProject;
		};
/* End PBXContainerItemProxy section */

/* Begin PBXCopyFilesBuildPhase section */
		82AFB4231ED6AF5700C55582 /* Embed Frameworks */ = {
			isa = PBXCopyFilesBuildPhase;
			buildActionMask = 2147483647;
			dstPath = "";
			dstSubfolderSpec = 10;
			files = (
			);
			name = "Embed Frameworks";
			runOnlyForDeploymentPostprocessing = 0;
		};
/* End PBXCopyFilesBuildPhase section */

/* Begin PBXFileReference section */
		33370AFC758BA75E4588EA78 /* Pods-DemoProjectTests.debug.xcconfig */ = {isa = PBXFileReference; includeInIndex = 1; lastKnownFileType = text.xcconfig; name = "Pods-DemoProjectTests.debug.xcconfig"; path = "Pods/Target Support Files/Pods-DemoProjectTests/Pods-DemoProjectTests.debug.xcconfig"; sourceTree = "<group>"; };
		822B18071FD6408800D14C15 /* Info.plist */ = {isa = PBXFileReference; fileEncoding = 4; lastKnownFileType = text.plist.xml; name = Info.plist; path = DemoProject/Info.plist; sourceTree = SOURCE_ROOT; };
		822B180A1FD640E300D14C15 /* Base */ = {isa = PBXFileReference; lastKnownFileType = file.storyboard; name = Base; path = Base.lproj/Main.storyboard; sourceTree = "<group>"; };
		822B180C1FD640E300D14C15 /* Base */ = {isa = PBXFileReference; lastKnownFileType = file.storyboard; name = Base; path = Base.lproj/LaunchScreen.storyboard; sourceTree = "<group>"; };
		82AFB3C41ED6AE1F00C55582 /* DemoProject.app */ = {isa = PBXFileReference; explicitFileType = wrapper.application; includeInIndex = 0; path = DemoProject.app; sourceTree = BUILT_PRODUCTS_DIR; };
		82AFB3D81ED6AE1F00C55582 /* DemoProjectTests.xctest */ = {isa = PBXFileReference; explicitFileType = wrapper.cfbundle; includeInIndex = 0; path = DemoProjectTests.xctest; sourceTree = BUILT_PRODUCTS_DIR; };
		82AFB3DC1ED6AE1F00C55582 /* DemoProjectTests.swift */ = {isa = PBXFileReference; lastKnownFileType = sourcecode.swift; path = DemoProjectTests.swift; sourceTree = "<group>"; };
		82AFB3DE1ED6AE1F00C55582 /* Info.plist */ = {isa = PBXFileReference; lastKnownFileType = text.plist.xml; path = Info.plist; sourceTree = "<group>"; };
		82AFB3E31ED6AE1F00C55582 /* DemoProjectUITests.xctest */ = {isa = PBXFileReference; explicitFileType = wrapper.cfbundle; includeInIndex = 0; path = DemoProjectUITests.xctest; sourceTree = BUILT_PRODUCTS_DIR; };
		82AFB3E71ED6AE1F00C55582 /* DemoProjectUITests.swift */ = {isa = PBXFileReference; lastKnownFileType = sourcecode.swift; path = DemoProjectUITests.swift; sourceTree = "<group>"; };
		82AFB3E91ED6AE1F00C55582 /* Info.plist */ = {isa = PBXFileReference; lastKnownFileType = text.plist.xml; path = Info.plist; sourceTree = "<group>"; };
		82AFB4151ED6AE8F00C55582 /* MainLotus.swift */ = {isa = PBXFileReference; fileEncoding = 4; lastKnownFileType = sourcecode.swift; path = MainLotus.swift; sourceTree = "<group>"; };
		82AFB4171ED6AE8F00C55582 /* MainLotusoot.swift */ = {isa = PBXFileReference; fileEncoding = 4; lastKnownFileType = sourcecode.swift; path = MainLotusoot.swift; sourceTree = "<group>"; };
		82AFB41D1ED6AED800C55582 /* ViewController.swift */ = {isa = PBXFileReference; fileEncoding = 4; lastKnownFileType = sourcecode.swift; path = ViewController.swift; sourceTree = "<group>"; };
		82AFB4351ED6B00500C55582 /* AppDelegate.swift */ = {isa = PBXFileReference; fileEncoding = 4; lastKnownFileType = sourcecode.swift; path = AppDelegate.swift; sourceTree = "<group>"; };
		82F9C7AB1FD67D6400029DDB /* Lotusoot.plist */ = {isa = PBXFileReference; fileEncoding = 4; lastKnownFileType = text.plist.xml; path = Lotusoot.plist; sourceTree = SOURCE_ROOT; };
		82F9C7AE1FD68A0600029DDB /* Extension.swift */ = {isa = PBXFileReference; fileEncoding = 4; lastKnownFileType = sourcecode.swift; path = Extension.swift; sourceTree = "<group>"; };
		82F9C7AF1FD68A0600029DDB /* Lotusoot.py */ = {isa = PBXFileReference; fileEncoding = 4; lastKnownFileType = text.script.python; path = Lotusoot.py; sourceTree = "<group>"; };
		82F9C7B01FD68A0600029DDB /* LotusootCoordinator.swift */ = {isa = PBXFileReference; fileEncoding = 4; lastKnownFileType = sourcecode.swift; path = LotusootCoordinator.swift; sourceTree = "<group>"; };
		82F9C7B11FD68A0600029DDB /* LotusootRouter.swift */ = {isa = PBXFileReference; fileEncoding = 4; lastKnownFileType = sourcecode.swift; path = LotusootRouter.swift; sourceTree = "<group>"; };
		82F9C7B21FD68A0600029DDB /* LotusootURL.swift */ = {isa = PBXFileReference; fileEncoding = 4; lastKnownFileType = sourcecode.swift; path = LotusootURL.swift; sourceTree = "<group>"; };
		87CA2B785FF4E90F61B51095 /* Pods_DemoProject.framework */ = {isa = PBXFileReference; explicitFileType = wrapper.framework; includeInIndex = 0; path = Pods_DemoProject.framework; sourceTree = BUILT_PRODUCTS_DIR; };
		93D44F1047200AFA95BE3020 /* Pods-DemoProjectUITests.release.xcconfig */ = {isa = PBXFileReference; includeInIndex = 1; lastKnownFileType = text.xcconfig; name = "Pods-DemoProjectUITests.release.xcconfig"; path = "Pods/Target Support Files/Pods-DemoProjectUITests/Pods-DemoProjectUITests.release.xcconfig"; sourceTree = "<group>"; };
		A1249A6A0A82540C1FC16F1B /* Pods-DemoProjectTests.release.xcconfig */ = {isa = PBXFileReference; includeInIndex = 1; lastKnownFileType = text.xcconfig; name = "Pods-DemoProjectTests.release.xcconfig"; path = "Pods/Target Support Files/Pods-DemoProjectTests/Pods-DemoProjectTests.release.xcconfig"; sourceTree = "<group>"; };
		C207131EE102CBF01046748E /* Pods-DemoProjectUITests.debug.xcconfig */ = {isa = PBXFileReference; includeInIndex = 1; lastKnownFileType = text.xcconfig; name = "Pods-DemoProjectUITests.debug.xcconfig"; path = "Pods/Target Support Files/Pods-DemoProjectUITests/Pods-DemoProjectUITests.debug.xcconfig"; sourceTree = "<group>"; };
		C5C107EA904C4ABA3E893861 /* Pods_DemoProjectUITests.framework */ = {isa = PBXFileReference; explicitFileType = wrapper.framework; includeInIndex = 0; path = Pods_DemoProjectUITests.framework; sourceTree = BUILT_PRODUCTS_DIR; };
		DB857A01E078E9ECEC3CB044 /* Pods-DemoProject.debug.xcconfig */ = {isa = PBXFileReference; includeInIndex = 1; lastKnownFileType = text.xcconfig; name = "Pods-DemoProject.debug.xcconfig"; path = "Pods/Target Support Files/Pods-DemoProject/Pods-DemoProject.debug.xcconfig"; sourceTree = "<group>"; };
		DC1D3D24445EB2E09EC7BBB6 /* Pods_DemoProjectTests.framework */ = {isa = PBXFileReference; explicitFileType = wrapper.framework; includeInIndex = 0; path = Pods_DemoProjectTests.framework; sourceTree = BUILT_PRODUCTS_DIR; };
		FF4C3E37CFDA21AB52006130 /* Pods-DemoProject.release.xcconfig */ = {isa = PBXFileReference; includeInIndex = 1; lastKnownFileType = text.xcconfig; name = "Pods-DemoProject.release.xcconfig"; path = "Pods/Target Support Files/Pods-DemoProject/Pods-DemoProject.release.xcconfig"; sourceTree = "<group>"; };
/* End PBXFileReference section */

/* Begin PBXFrameworksBuildPhase section */
		82AFB3C11ED6AE1F00C55582 /* Frameworks */ = {
			isa = PBXFrameworksBuildPhase;
			buildActionMask = 2147483647;
			files = (
				BF2E96198D91DDC53B89F1F2 /* Pods_DemoProject.framework in Frameworks */,
			);
			runOnlyForDeploymentPostprocessing = 0;
		};
		82AFB3D51ED6AE1F00C55582 /* Frameworks */ = {
			isa = PBXFrameworksBuildPhase;
			buildActionMask = 2147483647;
			files = (
				8506302FCB5D55245C238A3B /* Pods_DemoProjectTests.framework in Frameworks */,
			);
			runOnlyForDeploymentPostprocessing = 0;
		};
		82AFB3E01ED6AE1F00C55582 /* Frameworks */ = {
			isa = PBXFrameworksBuildPhase;
			buildActionMask = 2147483647;
			files = (
				022D72F9824867B74FC46BF5 /* Pods_DemoProjectUITests.framework in Frameworks */,
			);
			runOnlyForDeploymentPostprocessing = 0;
		};
/* End PBXFrameworksBuildPhase section */

/* Begin PBXGroup section */
		1B80C094B4B38B5F12D6770D /* Pods */ = {
			isa = PBXGroup;
			children = (
				DB857A01E078E9ECEC3CB044 /* Pods-DemoProject.debug.xcconfig */,
				FF4C3E37CFDA21AB52006130 /* Pods-DemoProject.release.xcconfig */,
				33370AFC758BA75E4588EA78 /* Pods-DemoProjectTests.debug.xcconfig */,
				A1249A6A0A82540C1FC16F1B /* Pods-DemoProjectTests.release.xcconfig */,
				C207131EE102CBF01046748E /* Pods-DemoProjectUITests.debug.xcconfig */,
				93D44F1047200AFA95BE3020 /* Pods-DemoProjectUITests.release.xcconfig */,
			);
			name = Pods;
			sourceTree = "<group>";
		};
		1DB3D682C9318B84B31C15DB /* Frameworks */ = {
			isa = PBXGroup;
			children = (
				87CA2B785FF4E90F61B51095 /* Pods_DemoProject.framework */,
				DC1D3D24445EB2E09EC7BBB6 /* Pods_DemoProjectTests.framework */,
				C5C107EA904C4ABA3E893861 /* Pods_DemoProjectUITests.framework */,
			);
			name = Frameworks;
			sourceTree = "<group>";
		};
		82AFB3BB1ED6AE1F00C55582 = {
			isa = PBXGroup;
			children = (
				82AFB3C61ED6AE1F00C55582 /* DemoProject */,
				82AFB3DB1ED6AE1F00C55582 /* DemoProjectTests */,
				82AFB3E61ED6AE1F00C55582 /* DemoProjectUITests */,
				82AFB3C51ED6AE1F00C55582 /* Products */,
				1B80C094B4B38B5F12D6770D /* Pods */,
				1DB3D682C9318B84B31C15DB /* Frameworks */,
			);
			sourceTree = "<group>";
		};
		82AFB3C51ED6AE1F00C55582 /* Products */ = {
			isa = PBXGroup;
			children = (
				82AFB3C41ED6AE1F00C55582 /* DemoProject.app */,
				82AFB3D81ED6AE1F00C55582 /* DemoProjectTests.xctest */,
				82AFB3E31ED6AE1F00C55582 /* DemoProjectUITests.xctest */,
			);
			name = Products;
			sourceTree = "<group>";
		};
		82AFB3C61ED6AE1F00C55582 /* DemoProject */ = {
			isa = PBXGroup;
			children = (
				82F9C7AD1FD68A0600029DDB /* Lotusoot */,
				82F9C7AB1FD67D6400029DDB /* Lotusoot.plist */,
				822B18071FD6408800D14C15 /* Info.plist */,
				822B180B1FD640E300D14C15 /* LaunchScreen.storyboard */,
				822B18091FD640E300D14C15 /* Main.storyboard */,
				82AFB41D1ED6AED800C55582 /* ViewController.swift */,
				82AFB4351ED6B00500C55582 /* AppDelegate.swift */,
				82AFB4141ED6AE8F00C55582 /* Lotus */,
				82AFB4161ED6AE8F00C55582 /* Lotusoot */,
			);
			path = DemoProject;
			sourceTree = "<group>";
		};
		82AFB3DB1ED6AE1F00C55582 /* DemoProjectTests */ = {
			isa = PBXGroup;
			children = (
				82AFB3DC1ED6AE1F00C55582 /* DemoProjectTests.swift */,
				82AFB3DE1ED6AE1F00C55582 /* Info.plist */,
			);
			path = DemoProjectTests;
			sourceTree = "<group>";
		};
		82AFB3E61ED6AE1F00C55582 /* DemoProjectUITests */ = {
			isa = PBXGroup;
			children = (
				82AFB3E71ED6AE1F00C55582 /* DemoProjectUITests.swift */,
				82AFB3E91ED6AE1F00C55582 /* Info.plist */,
			);
			path = DemoProjectUITests;
			sourceTree = "<group>";
		};
		82AFB4141ED6AE8F00C55582 /* Lotus */ = {
			isa = PBXGroup;
			children = (
				82AFB4151ED6AE8F00C55582 /* MainLotus.swift */,
			);
			path = Lotus;
			sourceTree = "<group>";
		};
		82AFB4161ED6AE8F00C55582 /* Lotusoot */ = {
			isa = PBXGroup;
			children = (
				82AFB4171ED6AE8F00C55582 /* MainLotusoot.swift */,
			);
			path = Lotusoot;
			sourceTree = "<group>";
		};
		82F9C7AD1FD68A0600029DDB /* Lotusoot */ = {
			isa = PBXGroup;
			children = (
				82F9C7AE1FD68A0600029DDB /* Extension.swift */,
				82F9C7AF1FD68A0600029DDB /* Lotusoot.py */,
				82F9C7B01FD68A0600029DDB /* LotusootCoordinator.swift */,
				82F9C7B11FD68A0600029DDB /* LotusootRouter.swift */,
				82F9C7B21FD68A0600029DDB /* LotusootURL.swift */,
			);
			name = Lotusoot;
			path = ../../../Lotusoot;
			sourceTree = "<group>";
		};
/* End PBXGroup section */

/* Begin PBXNativeTarget section */
		82AFB3C31ED6AE1F00C55582 /* DemoProject */ = {
			isa = PBXNativeTarget;
			buildConfigurationList = 82AFB3EC1ED6AE1F00C55582 /* Build configuration list for PBXNativeTarget "DemoProject" */;
			buildPhases = (
				1C451DEE166AA06ACCEF9C8C /* [CP] Check Pods Manifest.lock */,
				82AFB4321ED6AFAF00C55582 /* Lotusoot */,
				82AFB3C01ED6AE1F00C55582 /* Sources */,
				82AFB3C11ED6AE1F00C55582 /* Frameworks */,
				82AFB3C21ED6AE1F00C55582 /* Resources */,
				82AFB4231ED6AF5700C55582 /* Embed Frameworks */,
				751C160B832E035CEE4874DA /* [CP] Embed Pods Frameworks */,
				2AAB084AA4C4538CEDC068B7 /* [CP] Copy Pods Resources */,
			);
			buildRules = (
			);
			dependencies = (
			);
			name = DemoProject;
			productName = DemoProject;
			productReference = 82AFB3C41ED6AE1F00C55582 /* DemoProject.app */;
			productType = "com.apple.product-type.application";
		};
		82AFB3D71ED6AE1F00C55582 /* DemoProjectTests */ = {
			isa = PBXNativeTarget;
			buildConfigurationList = 82AFB3EF1ED6AE1F00C55582 /* Build configuration list for PBXNativeTarget "DemoProjectTests" */;
			buildPhases = (
				1E7FCBC6F10D93A404C58C6D /* [CP] Check Pods Manifest.lock */,
				82AFB3D41ED6AE1F00C55582 /* Sources */,
				82AFB3D51ED6AE1F00C55582 /* Frameworks */,
				82AFB3D61ED6AE1F00C55582 /* Resources */,
				C59E36AA320042F86D93D2B1 /* [CP] Embed Pods Frameworks */,
				F4BDF5A8C6A8AEBD6A20D4AF /* [CP] Copy Pods Resources */,
			);
			buildRules = (
			);
			dependencies = (
				82AFB3DA1ED6AE1F00C55582 /* PBXTargetDependency */,
			);
			name = DemoProjectTests;
			productName = DemoProjectTests;
			productReference = 82AFB3D81ED6AE1F00C55582 /* DemoProjectTests.xctest */;
			productType = "com.apple.product-type.bundle.unit-test";
		};
		82AFB3E21ED6AE1F00C55582 /* DemoProjectUITests */ = {
			isa = PBXNativeTarget;
			buildConfigurationList = 82AFB3F21ED6AE1F00C55582 /* Build configuration list for PBXNativeTarget "DemoProjectUITests" */;
			buildPhases = (
				11C2AE438D11AFDF54E73721 /* [CP] Check Pods Manifest.lock */,
				82AFB3DF1ED6AE1F00C55582 /* Sources */,
				82AFB3E01ED6AE1F00C55582 /* Frameworks */,
				82AFB3E11ED6AE1F00C55582 /* Resources */,
				55CAD8C255BA7D6F520D77F1 /* [CP] Embed Pods Frameworks */,
				B722E1C4E6AB0CE8D3A894CA /* [CP] Copy Pods Resources */,
			);
			buildRules = (
			);
			dependencies = (
				82AFB3E51ED6AE1F00C55582 /* PBXTargetDependency */,
			);
			name = DemoProjectUITests;
			productName = DemoProjectUITests;
			productReference = 82AFB3E31ED6AE1F00C55582 /* DemoProjectUITests.xctest */;
			productType = "com.apple.product-type.bundle.ui-testing";
		};
/* End PBXNativeTarget section */

/* Begin PBXProject section */
		82AFB3BC1ED6AE1F00C55582 /* Project object */ = {
			isa = PBXProject;
			attributes = {
				LastSwiftUpdateCheck = 0830;
				LastUpgradeCheck = 0830;
				ORGANIZATIONNAME = "周凌宇";
				TargetAttributes = {
					82AFB3C31ED6AE1F00C55582 = {
						CreatedOnToolsVersion = 8.3.1;
						ProvisioningStyle = Automatic;
					};
					82AFB3D71ED6AE1F00C55582 = {
						CreatedOnToolsVersion = 8.3.1;
						ProvisioningStyle = Automatic;
						TestTargetID = 82AFB3C31ED6AE1F00C55582;
					};
					82AFB3E21ED6AE1F00C55582 = {
						CreatedOnToolsVersion = 8.3.1;
						ProvisioningStyle = Automatic;
						TestTargetID = 82AFB3C31ED6AE1F00C55582;
					};
				};
			};
			buildConfigurationList = 82AFB3BF1ED6AE1F00C55582 /* Build configuration list for PBXProject "DemoProject" */;
			compatibilityVersion = "Xcode 3.2";
			developmentRegion = English;
			hasScannedForEncodings = 0;
			knownRegions = (
				en,
				Base,
			);
			mainGroup = 82AFB3BB1ED6AE1F00C55582;
			productRefGroup = 82AFB3C51ED6AE1F00C55582 /* Products */;
			projectDirPath = "";
			projectRoot = "";
			targets = (
				82AFB3C31ED6AE1F00C55582 /* DemoProject */,
				82AFB3D71ED6AE1F00C55582 /* DemoProjectTests */,
				82AFB3E21ED6AE1F00C55582 /* DemoProjectUITests */,
			);
		};
/* End PBXProject section */

/* Begin PBXResourcesBuildPhase section */
		82AFB3C21ED6AE1F00C55582 /* Resources */ = {
			isa = PBXResourcesBuildPhase;
			buildActionMask = 2147483647;
			files = (
				822B180D1FD640E400D14C15 /* Main.storyboard in Resources */,
				82F9C7AC1FD67D6400029DDB /* Lotusoot.plist in Resources */,
				822B180E1FD640E400D14C15 /* LaunchScreen.storyboard in Resources */,
				82F9C7B41FD68A0600029DDB /* Lotusoot.py in Resources */,
				822B18081FD6408800D14C15 /* Info.plist in Resources */,
			);
			runOnlyForDeploymentPostprocessing = 0;
		};
		82AFB3D61ED6AE1F00C55582 /* Resources */ = {
			isa = PBXResourcesBuildPhase;
			buildActionMask = 2147483647;
			files = (
			);
			runOnlyForDeploymentPostprocessing = 0;
		};
		82AFB3E11ED6AE1F00C55582 /* Resources */ = {
			isa = PBXResourcesBuildPhase;
			buildActionMask = 2147483647;
			files = (
			);
			runOnlyForDeploymentPostprocessing = 0;
		};
/* End PBXResourcesBuildPhase section */

/* Begin PBXShellScriptBuildPhase section */
		11C2AE438D11AFDF54E73721 /* [CP] Check Pods Manifest.lock */ = {
			isa = PBXShellScriptBuildPhase;
			buildActionMask = 2147483647;
			files = (
			);
			inputPaths = (
				"${PODS_PODFILE_DIR_PATH}/Podfile.lock",
				"${PODS_ROOT}/Manifest.lock",
			);
			name = "[CP] Check Pods Manifest.lock";
			outputPaths = (
				"$(DERIVED_FILE_DIR)/Pods-DemoProjectUITests-checkManifestLockResult.txt",
			);
			runOnlyForDeploymentPostprocessing = 0;
			shellPath = /bin/sh;
			shellScript = "diff \"${PODS_PODFILE_DIR_PATH}/Podfile.lock\" \"${PODS_ROOT}/Manifest.lock\" > /dev/null\nif [ $? != 0 ] ; then\n    # print error to STDERR\n    echo \"error: The sandbox is not in sync with the Podfile.lock. Run 'pod install' or update your CocoaPods installation.\" >&2\n    exit 1\nfi\n# This output is used by Xcode 'outputs' to avoid re-running this script phase.\necho \"SUCCESS\" > \"${SCRIPT_OUTPUT_FILE_0}\"\n";
			showEnvVarsInLog = 0;
		};
		1C451DEE166AA06ACCEF9C8C /* [CP] Check Pods Manifest.lock */ = {
			isa = PBXShellScriptBuildPhase;
			buildActionMask = 2147483647;
			files = (
			);
			inputPaths = (
				"${PODS_PODFILE_DIR_PATH}/Podfile.lock",
				"${PODS_ROOT}/Manifest.lock",
			);
			name = "[CP] Check Pods Manifest.lock";
			outputPaths = (
				"$(DERIVED_FILE_DIR)/Pods-DemoProject-checkManifestLockResult.txt",
			);
			runOnlyForDeploymentPostprocessing = 0;
			shellPath = /bin/sh;
			shellScript = "diff \"${PODS_PODFILE_DIR_PATH}/Podfile.lock\" \"${PODS_ROOT}/Manifest.lock\" > /dev/null\nif [ $? != 0 ] ; then\n    # print error to STDERR\n    echo \"error: The sandbox is not in sync with the Podfile.lock. Run 'pod install' or update your CocoaPods installation.\" >&2\n    exit 1\nfi\n# This output is used by Xcode 'outputs' to avoid re-running this script phase.\necho \"SUCCESS\" > \"${SCRIPT_OUTPUT_FILE_0}\"\n";
			showEnvVarsInLog = 0;
		};
		1E7FCBC6F10D93A404C58C6D /* [CP] Check Pods Manifest.lock */ = {
			isa = PBXShellScriptBuildPhase;
			buildActionMask = 2147483647;
			files = (
			);
			inputPaths = (
				"${PODS_PODFILE_DIR_PATH}/Podfile.lock",
				"${PODS_ROOT}/Manifest.lock",
			);
			name = "[CP] Check Pods Manifest.lock";
			outputPaths = (
				"$(DERIVED_FILE_DIR)/Pods-DemoProjectTests-checkManifestLockResult.txt",
			);
			runOnlyForDeploymentPostprocessing = 0;
			shellPath = /bin/sh;
			shellScript = "diff \"${PODS_PODFILE_DIR_PATH}/Podfile.lock\" \"${PODS_ROOT}/Manifest.lock\" > /dev/null\nif [ $? != 0 ] ; then\n    # print error to STDERR\n    echo \"error: The sandbox is not in sync with the Podfile.lock. Run 'pod install' or update your CocoaPods installation.\" >&2\n    exit 1\nfi\n# This output is used by Xcode 'outputs' to avoid re-running this script phase.\necho \"SUCCESS\" > \"${SCRIPT_OUTPUT_FILE_0}\"\n";
			showEnvVarsInLog = 0;
		};
		2AAB084AA4C4538CEDC068B7 /* [CP] Copy Pods Resources */ = {
			isa = PBXShellScriptBuildPhase;
			buildActionMask = 2147483647;
			files = (
			);
			inputPaths = (
			);
			name = "[CP] Copy Pods Resources";
			outputPaths = (
			);
			runOnlyForDeploymentPostprocessing = 0;
			shellPath = /bin/sh;
			shellScript = "\"${SRCROOT}/Pods/Target Support Files/Pods-DemoProject/Pods-DemoProject-resources.sh\"\n";
			showEnvVarsInLog = 0;
		};
		55CAD8C255BA7D6F520D77F1 /* [CP] Embed Pods Frameworks */ = {
			isa = PBXShellScriptBuildPhase;
			buildActionMask = 2147483647;
			files = (
			);
			inputPaths = (
			);
			name = "[CP] Embed Pods Frameworks";
			outputPaths = (
			);
			runOnlyForDeploymentPostprocessing = 0;
			shellPath = /bin/sh;
			shellScript = "\"${SRCROOT}/Pods/Target Support Files/Pods-DemoProjectUITests/Pods-DemoProjectUITests-frameworks.sh\"\n";
			showEnvVarsInLog = 0;
		};
		751C160B832E035CEE4874DA /* [CP] Embed Pods Frameworks */ = {
			isa = PBXShellScriptBuildPhase;
			buildActionMask = 2147483647;
			files = (
			);
			inputPaths = (
				"${SRCROOT}/Pods/Target Support Files/Pods-DemoProject/Pods-DemoProject-frameworks.sh",
				"${BUILT_PRODUCTS_DIR}/ZLYAccountModule/ZLYAccountModule.framework",
				"${BUILT_PRODUCTS_DIR}/ZLYPublicModule/ZLYPublicModule.framework",
			);
			name = "[CP] Embed Pods Frameworks";
			outputPaths = (
				"${TARGET_BUILD_DIR}/${FRAMEWORKS_FOLDER_PATH}/ZLYAccountModule.framework",
				"${TARGET_BUILD_DIR}/${FRAMEWORKS_FOLDER_PATH}/ZLYPublicModule.framework",
			);
			runOnlyForDeploymentPostprocessing = 0;
			shellPath = /bin/sh;
			shellScript = "\"${SRCROOT}/Pods/Target Support Files/Pods-DemoProject/Pods-DemoProject-frameworks.sh\"\n";
			showEnvVarsInLog = 0;
		};
		82AFB4321ED6AFAF00C55582 /* Lotusoot */ = {
			isa = PBXShellScriptBuildPhase;
			buildActionMask = 2147483647;
			files = (
			);
			inputPaths = (
			);
			name = Lotusoot;
			outputPaths = (
			);
			runOnlyForDeploymentPostprocessing = 0;
			shellPath = /bin/sh;
			shellScript = "python Lotusoot.py ${SRC_ROOT}.. ${SRCROOT} Lotusoot\n# 参数1： 扫描路径\n# 参数2： ${SRCROOT}，Lotusoot.plist 输出地址\n# 参数3： Lotusoot 命名后缀（可省略），省略将会导致脚本执行时间变长";
		};
		B722E1C4E6AB0CE8D3A894CA /* [CP] Copy Pods Resources */ = {
			isa = PBXShellScriptBuildPhase;
			buildActionMask = 2147483647;
			files = (
			);
			inputPaths = (
			);
			name = "[CP] Copy Pods Resources";
			outputPaths = (
			);
			runOnlyForDeploymentPostprocessing = 0;
			shellPath = /bin/sh;
			shellScript = "\"${SRCROOT}/Pods/Target Support Files/Pods-DemoProjectUITests/Pods-DemoProjectUITests-resources.sh\"\n";
			showEnvVarsInLog = 0;
		};
		C59E36AA320042F86D93D2B1 /* [CP] Embed Pods Frameworks */ = {
			isa = PBXShellScriptBuildPhase;
			buildActionMask = 2147483647;
			files = (
			);
			inputPaths = (
			);
			name = "[CP] Embed Pods Frameworks";
			outputPaths = (
			);
			runOnlyForDeploymentPostprocessing = 0;
			shellPath = /bin/sh;
			shellScript = "\"${SRCROOT}/Pods/Target Support Files/Pods-DemoProjectTests/Pods-DemoProjectTests-frameworks.sh\"\n";
			showEnvVarsInLog = 0;
		};
		F4BDF5A8C6A8AEBD6A20D4AF /* [CP] Copy Pods Resources */ = {
			isa = PBXShellScriptBuildPhase;
			buildActionMask = 2147483647;
			files = (
			);
			inputPaths = (
			);
			name = "[CP] Copy Pods Resources";
			outputPaths = (
			);
			runOnlyForDeploymentPostprocessing = 0;
			shellPath = /bin/sh;
			shellScript = "\"${SRCROOT}/Pods/Target Support Files/Pods-DemoProjectTests/Pods-DemoProjectTests-resources.sh\"\n";
			showEnvVarsInLog = 0;
		};
/* End PBXShellScriptBuildPhase section */

/* Begin PBXSourcesBuildPhase section */
		82AFB3C01ED6AE1F00C55582 /* Sources */ = {
			isa = PBXSourcesBuildPhase;
			buildActionMask = 2147483647;
			files = (
				82F9C7B71FD68A0600029DDB /* LotusootURL.swift in Sources */,
				82F9C7B61FD68A0600029DDB /* LotusootRouter.swift in Sources */,
				82F9C7B31FD68A0600029DDB /* Extension.swift in Sources */,
				82AFB4361ED6B00500C55582 /* AppDelegate.swift in Sources */,
				82AFB4181ED6AE8F00C55582 /* MainLotus.swift in Sources */,
				82AFB41E1ED6AED800C55582 /* ViewController.swift in Sources */,
				82AFB4191ED6AE8F00C55582 /* MainLotusoot.swift in Sources */,
				82F9C7B51FD68A0600029DDB /* LotusootCoordinator.swift in Sources */,
			);
			runOnlyForDeploymentPostprocessing = 0;
		};
		82AFB3D41ED6AE1F00C55582 /* Sources */ = {
			isa = PBXSourcesBuildPhase;
			buildActionMask = 2147483647;
			files = (
				82AFB3DD1ED6AE1F00C55582 /* DemoProjectTests.swift in Sources */,
			);
			runOnlyForDeploymentPostprocessing = 0;
		};
		82AFB3DF1ED6AE1F00C55582 /* Sources */ = {
			isa = PBXSourcesBuildPhase;
			buildActionMask = 2147483647;
			files = (
				82AFB3E81ED6AE1F00C55582 /* DemoProjectUITests.swift in Sources */,
			);
			runOnlyForDeploymentPostprocessing = 0;
		};
/* End PBXSourcesBuildPhase section */

/* Begin PBXTargetDependency section */
		82AFB3DA1ED6AE1F00C55582 /* PBXTargetDependency */ = {
			isa = PBXTargetDependency;
			target = 82AFB3C31ED6AE1F00C55582 /* DemoProject */;
			targetProxy = 82AFB3D91ED6AE1F00C55582 /* PBXContainerItemProxy */;
		};
		82AFB3E51ED6AE1F00C55582 /* PBXTargetDependency */ = {
			isa = PBXTargetDependency;
			target = 82AFB3C31ED6AE1F00C55582 /* DemoProject */;
			targetProxy = 82AFB3E41ED6AE1F00C55582 /* PBXContainerItemProxy */;
		};
/* End PBXTargetDependency section */

/* Begin PBXVariantGroup section */
		822B18091FD640E300D14C15 /* Main.storyboard */ = {
			isa = PBXVariantGroup;
			children = (
				822B180A1FD640E300D14C15 /* Base */,
			);
			name = Main.storyboard;
			sourceTree = "<group>";
		};
		822B180B1FD640E300D14C15 /* LaunchScreen.storyboard */ = {
			isa = PBXVariantGroup;
			children = (
				822B180C1FD640E300D14C15 /* Base */,
			);
			name = LaunchScreen.storyboard;
			sourceTree = "<group>";
		};
/* End PBXVariantGroup section */

/* Begin XCBuildConfiguration section */
		82AFB3EA1ED6AE1F00C55582 /* Debug */ = {
			isa = XCBuildConfiguration;
			buildSettings = {
				ALWAYS_SEARCH_USER_PATHS = NO;
				CLANG_ANALYZER_NONNULL = YES;
				CLANG_ANALYZER_NUMBER_OBJECT_CONVERSION = YES_AGGRESSIVE;
				CLANG_CXX_LANGUAGE_STANDARD = "gnu++0x";
				CLANG_CXX_LIBRARY = "libc++";
				CLANG_ENABLE_MODULES = YES;
				CLANG_ENABLE_OBJC_ARC = YES;
				CLANG_WARN_BOOL_CONVERSION = YES;
				CLANG_WARN_CONSTANT_CONVERSION = YES;
				CLANG_WARN_DIRECT_OBJC_ISA_USAGE = YES_ERROR;
				CLANG_WARN_DOCUMENTATION_COMMENTS = YES;
				CLANG_WARN_EMPTY_BODY = YES;
				CLANG_WARN_ENUM_CONVERSION = YES;
				CLANG_WARN_INFINITE_RECURSION = YES;
				CLANG_WARN_INT_CONVERSION = YES;
				CLANG_WARN_OBJC_ROOT_CLASS = YES_ERROR;
				CLANG_WARN_SUSPICIOUS_MOVE = YES;
				CLANG_WARN_UNREACHABLE_CODE = YES;
				CLANG_WARN__DUPLICATE_METHOD_MATCH = YES;
				"CODE_SIGN_IDENTITY[sdk=iphoneos*]" = "iPhone Developer";
				COPY_PHASE_STRIP = NO;
				DEBUG_INFORMATION_FORMAT = dwarf;
				ENABLE_STRICT_OBJC_MSGSEND = YES;
				ENABLE_TESTABILITY = YES;
				GCC_C_LANGUAGE_STANDARD = gnu99;
				GCC_DYNAMIC_NO_PIC = NO;
				GCC_NO_COMMON_BLOCKS = YES;
				GCC_OPTIMIZATION_LEVEL = 0;
				GCC_PREPROCESSOR_DEFINITIONS = (
					"DEBUG=1",
					"$(inherited)",
				);
				GCC_WARN_64_TO_32_BIT_CONVERSION = YES;
				GCC_WARN_ABOUT_RETURN_TYPE = YES_ERROR;
				GCC_WARN_UNDECLARED_SELECTOR = YES;
				GCC_WARN_UNINITIALIZED_AUTOS = YES_AGGRESSIVE;
				GCC_WARN_UNUSED_FUNCTION = YES;
				GCC_WARN_UNUSED_VARIABLE = YES;
				IPHONEOS_DEPLOYMENT_TARGET = 10.3;
				MTL_ENABLE_DEBUG_INFO = YES;
				ONLY_ACTIVE_ARCH = YES;
				SDKROOT = iphoneos;
				SWIFT_ACTIVE_COMPILATION_CONDITIONS = DEBUG;
				SWIFT_OPTIMIZATION_LEVEL = "-Onone";
			};
			name = Debug;
		};
		82AFB3EB1ED6AE1F00C55582 /* Release */ = {
			isa = XCBuildConfiguration;
			buildSettings = {
				ALWAYS_SEARCH_USER_PATHS = NO;
				CLANG_ANALYZER_NONNULL = YES;
				CLANG_ANALYZER_NUMBER_OBJECT_CONVERSION = YES_AGGRESSIVE;
				CLANG_CXX_LANGUAGE_STANDARD = "gnu++0x";
				CLANG_CXX_LIBRARY = "libc++";
				CLANG_ENABLE_MODULES = YES;
				CLANG_ENABLE_OBJC_ARC = YES;
				CLANG_WARN_BOOL_CONVERSION = YES;
				CLANG_WARN_CONSTANT_CONVERSION = YES;
				CLANG_WARN_DIRECT_OBJC_ISA_USAGE = YES_ERROR;
				CLANG_WARN_DOCUMENTATION_COMMENTS = YES;
				CLANG_WARN_EMPTY_BODY = YES;
				CLANG_WARN_ENUM_CONVERSION = YES;
				CLANG_WARN_INFINITE_RECURSION = YES;
				CLANG_WARN_INT_CONVERSION = YES;
				CLANG_WARN_OBJC_ROOT_CLASS = YES_ERROR;
				CLANG_WARN_SUSPICIOUS_MOVE = YES;
				CLANG_WARN_UNREACHABLE_CODE = YES;
				CLANG_WARN__DUPLICATE_METHOD_MATCH = YES;
				"CODE_SIGN_IDENTITY[sdk=iphoneos*]" = "iPhone Developer";
				COPY_PHASE_STRIP = NO;
				DEBUG_INFORMATION_FORMAT = "dwarf-with-dsym";
				ENABLE_NS_ASSERTIONS = NO;
				ENABLE_STRICT_OBJC_MSGSEND = YES;
				GCC_C_LANGUAGE_STANDARD = gnu99;
				GCC_NO_COMMON_BLOCKS = YES;
				GCC_WARN_64_TO_32_BIT_CONVERSION = YES;
				GCC_WARN_ABOUT_RETURN_TYPE = YES_ERROR;
				GCC_WARN_UNDECLARED_SELECTOR = YES;
				GCC_WARN_UNINITIALIZED_AUTOS = YES_AGGRESSIVE;
				GCC_WARN_UNUSED_FUNCTION = YES;
				GCC_WARN_UNUSED_VARIABLE = YES;
				IPHONEOS_DEPLOYMENT_TARGET = 10.3;
				MTL_ENABLE_DEBUG_INFO = NO;
				SDKROOT = iphoneos;
				SWIFT_OPTIMIZATION_LEVEL = "-Owholemodule";
				VALIDATE_PRODUCT = YES;
			};
			name = Release;
		};
		82AFB3ED1ED6AE1F00C55582 /* Debug */ = {
			isa = XCBuildConfiguration;
			baseConfigurationReference = DB857A01E078E9ECEC3CB044 /* Pods-DemoProject.debug.xcconfig */;
			buildSettings = {
				ALWAYS_EMBED_SWIFT_STANDARD_LIBRARIES = YES;
				ASSETCATALOG_COMPILER_APPICON_NAME = AppIcon;
				INFOPLIST_FILE = DemoProject/Info.plist;
				LD_RUNPATH_SEARCH_PATHS = "$(inherited) @executable_path/Frameworks";
				PRODUCT_BUNDLE_IDENTIFIER = com.zhoulingyu.ios.DemoProject;
				PRODUCT_NAME = "$(TARGET_NAME)";
				SWIFT_VERSION = 3.0;
			};
			name = Debug;
		};
		82AFB3EE1ED6AE1F00C55582 /* Release */ = {
			isa = XCBuildConfiguration;
			baseConfigurationReference = FF4C3E37CFDA21AB52006130 /* Pods-DemoProject.release.xcconfig */;
			buildSettings = {
				ALWAYS_EMBED_SWIFT_STANDARD_LIBRARIES = YES;
				ASSETCATALOG_COMPILER_APPICON_NAME = AppIcon;
				INFOPLIST_FILE = DemoProject/Info.plist;
				LD_RUNPATH_SEARCH_PATHS = "$(inherited) @executable_path/Frameworks";
				PRODUCT_BUNDLE_IDENTIFIER = com.zhoulingyu.ios.DemoProject;
				PRODUCT_NAME = "$(TARGET_NAME)";
				SWIFT_VERSION = 3.0;
			};
			name = Release;
		};
		82AFB3F01ED6AE1F00C55582 /* Debug */ = {
			isa = XCBuildConfiguration;
			baseConfigurationReference = 33370AFC758BA75E4588EA78 /* Pods-DemoProjectTests.debug.xcconfig */;
			buildSettings = {
				ALWAYS_EMBED_SWIFT_STANDARD_LIBRARIES = YES;
				BUNDLE_LOADER = "$(TEST_HOST)";
				INFOPLIST_FILE = DemoProjectTests/Info.plist;
				LD_RUNPATH_SEARCH_PATHS = "$(inherited) @executable_path/Frameworks @loader_path/Frameworks";
				PRODUCT_BUNDLE_IDENTIFIER = com.zhoulingyu.ios.DemoProjectTests;
				PRODUCT_NAME = "$(TARGET_NAME)";
				SWIFT_VERSION = 3.0;
				TEST_HOST = "$(BUILT_PRODUCTS_DIR)/DemoProject.app/DemoProject";
			};
			name = Debug;
		};
		82AFB3F11ED6AE1F00C55582 /* Release */ = {
			isa = XCBuildConfiguration;
			baseConfigurationReference = A1249A6A0A82540C1FC16F1B /* Pods-DemoProjectTests.release.xcconfig */;
			buildSettings = {
				ALWAYS_EMBED_SWIFT_STANDARD_LIBRARIES = YES;
				BUNDLE_LOADER = "$(TEST_HOST)";
				INFOPLIST_FILE = DemoProjectTests/Info.plist;
				LD_RUNPATH_SEARCH_PATHS = "$(inherited) @executable_path/Frameworks @loader_path/Frameworks";
				PRODUCT_BUNDLE_IDENTIFIER = com.zhoulingyu.ios.DemoProjectTests;
				PRODUCT_NAME = "$(TARGET_NAME)";
				SWIFT_VERSION = 3.0;
				TEST_HOST = "$(BUILT_PRODUCTS_DIR)/DemoProject.app/DemoProject";
			};
			name = Release;
		};
		82AFB3F31ED6AE1F00C55582 /* Debug */ = {
			isa = XCBuildConfiguration;
			baseConfigurationReference = C207131EE102CBF01046748E /* Pods-DemoProjectUITests.debug.xcconfig */;
			buildSettings = {
				ALWAYS_EMBED_SWIFT_STANDARD_LIBRARIES = YES;
				INFOPLIST_FILE = DemoProjectUITests/Info.plist;
				LD_RUNPATH_SEARCH_PATHS = "$(inherited) @executable_path/Frameworks @loader_path/Frameworks";
				PRODUCT_BUNDLE_IDENTIFIER = com.zhoulingyu.ios.DemoProjectUITests;
				PRODUCT_NAME = "$(TARGET_NAME)";
				SWIFT_VERSION = 3.0;
				TEST_TARGET_NAME = DemoProject;
			};
			name = Debug;
		};
		82AFB3F41ED6AE1F00C55582 /* Release */ = {
			isa = XCBuildConfiguration;
			baseConfigurationReference = 93D44F1047200AFA95BE3020 /* Pods-DemoProjectUITests.release.xcconfig */;
			buildSettings = {
				ALWAYS_EMBED_SWIFT_STANDARD_LIBRARIES = YES;
				INFOPLIST_FILE = DemoProjectUITests/Info.plist;
				LD_RUNPATH_SEARCH_PATHS = "$(inherited) @executable_path/Frameworks @loader_path/Frameworks";
				PRODUCT_BUNDLE_IDENTIFIER = com.zhoulingyu.ios.DemoProjectUITests;
				PRODUCT_NAME = "$(TARGET_NAME)";
				SWIFT_VERSION = 3.0;
				TEST_TARGET_NAME = DemoProject;
			};
			name = Release;
		};
/* End XCBuildConfiguration section */

/* Begin XCConfigurationList section */
		82AFB3BF1ED6AE1F00C55582 /* Build configuration list for PBXProject "DemoProject" */ = {
			isa = XCConfigurationList;
			buildConfigurations = (
				82AFB3EA1ED6AE1F00C55582 /* Debug */,
				82AFB3EB1ED6AE1F00C55582 /* Release */,
			);
			defaultConfigurationIsVisible = 0;
			defaultConfigurationName = Release;
		};
		82AFB3EC1ED6AE1F00C55582 /* Build configuration list for PBXNativeTarget "DemoProject" */ = {
			isa = XCConfigurationList;
			buildConfigurations = (
				82AFB3ED1ED6AE1F00C55582 /* Debug */,
				82AFB3EE1ED6AE1F00C55582 /* Release */,
			);
			defaultConfigurationIsVisible = 0;
			defaultConfigurationName = Release;
		};
		82AFB3EF1ED6AE1F00C55582 /* Build configuration list for PBXNativeTarget "DemoProjectTests" */ = {
			isa = XCConfigurationList;
			buildConfigurations = (
				82AFB3F01ED6AE1F00C55582 /* Debug */,
				82AFB3F11ED6AE1F00C55582 /* Release */,
			);
			defaultConfigurationIsVisible = 0;
			defaultConfigurationName = Release;
		};
		82AFB3F21ED6AE1F00C55582 /* Build configuration list for PBXNativeTarget "DemoProjectUITests" */ = {
			isa = XCConfigurationList;
			buildConfigurations = (
				82AFB3F31ED6AE1F00C55582 /* Debug */,
				82AFB3F41ED6AE1F00C55582 /* Release */,
			);
			defaultConfigurationIsVisible = 0;
			defaultConfigurationName = Release;
		};
/* End XCConfigurationList section */
	};
	rootObject = 82AFB3BC1ED6AE1F00C55582 /* Project object */;
}
