PODS:
  - Lotusoot (0.0.3)
  - ModulePublic (0.0.3)
  - TestAccountModule (0.0.3):
    - ModulePublic (~> 0.0.3)

DEPENDENCIES:
  - Lotusoot (~> 0.0.3)
  - ModulePublic (~> 0.0.3)
  - TestAccountModule (~> 0.0.3)

SPEC CHECKSUMS:
  Lotusoot: e8def936485a497fc44c6ea86b0db64d078502c4
  ModulePublic: ab288988f5f4afc9cf49b6c2459b1af0044835f5
  TestAccountModule: 78330ff100f120a855a81c1d395f5e530d84f599

PODFILE CHECKSUM: b85a16fefd712804eb9c249c47a19b30b00010a3

COCOAPODS: 1.2.0
